
Microsoft Visual Studio Solution File, Format Version 12.00
# Visual Studio 2012
Project("{2150E333-8FDC-42A3-9474-1A3956D46DE8}") = "Solution Items", "Solution Items", "{2EE5826D-DFDB-4C61-BEEB-220AE4FF3C62}"
	ProjectSection(SolutionItems) = preProject
		CodeAnalysisDictionary.xml = CodeAnalysisDictionary.xml
		Common\GlobalAssemblyInfo\GlobalAssemblyInfo.cs = Common\GlobalAssemblyInfo\GlobalAssemblyInfo.cs
		BuildFiles\NuGet.msbuild = BuildFiles\NuGet.msbuild
		BuildFiles\Pack.msbuild = BuildFiles\Pack.msbuild
		BuildFiles\Push.msbuild = BuildFiles\Push.msbuild
		TeamBuild.testsettings = TeamBuild.testsettings
	EndProjectSection
EndProject
Project("{2150E333-8FDC-42A3-9474-1A3956D46DE8}") = "04 - NET 4.5", "04 - NET 4.5", "{581D4AE9-AF31-45D9-AB4D-4F531359C114}"
EndProject
Project("{2150E333-8FDC-42A3-9474-1A3956D46DE8}") = "06 - Host", "06 - Host", "{AFDFEDAC-62B4-4F8B-A2DC-06DEFBF29287}"
EndProject
Project("{FAE04EC0-301F-11D3-BF4B-00C04F79EFBC}") = "Gecko.NCore.Client", "net45\Client\Gecko.NCore.Client.csproj", "{59753DD8-9506-4044-A513-CAD06ADD3673}"
EndProject
Project("{FAE04EC0-301F-11D3-BF4B-00C04F79EFBC}") = "Gecko.NCore.Client.ChangeTracking.V1", "net45\Client.ChangeTracking.V1\Gecko.NCore.Client.ChangeTracking.V1.csproj", "{EBAA49D4-50B0-4FC7-87BF-9245A404B626}"
	ProjectSection(ProjectDependencies) = postProject
		{F3B19182-875D-4429-8AC0-94BB6F09FBCB} = {F3B19182-875D-4429-8AC0-94BB6F09FBCB}
	EndProjectSection
EndProject
Project("{FAE04EC0-301F-11D3-BF4B-00C04F79EFBC}") = "Gecko.NCore.Client.Claims.V1", "net45\Client.Claims.V1\Gecko.NCore.Client.Claims.V1.csproj", "{3B93F189-3D46-4882-97CE-B309CB58D03E}"
	ProjectSection(ProjectDependencies) = postProject
		{F3B19182-875D-4429-8AC0-94BB6F09FBCB} = {F3B19182-875D-4429-8AC0-94BB6F09FBCB}
	EndProjectSection
EndProject
Project("{FAE04EC0-301F-11D3-BF4B-00C04F79EFBC}") = "Gecko.NCore.Client.Documents.V1", "net45\Client.Documents.V1\Gecko.NCore.Client.Documents.V1.csproj", "{F2F88797-A0D0-4730-8ACE-B322D0D773FC}"
	ProjectSection(ProjectDependencies) = postProject
		{F3B19182-875D-4429-8AC0-94BB6F09FBCB} = {F3B19182-875D-4429-8AC0-94BB6F09FBCB}
	EndProjectSection
EndProject
Project("{FAE04EC0-301F-11D3-BF4B-00C04F79EFBC}") = "Gecko.NCore.Client.Documents.V2", "net45\Client.Documents.V2\Gecko.NCore.Client.Documents.V2.csproj", "{A564D217-5650-4653-85A9-00861A04167F}"
	ProjectSection(ProjectDependencies) = postProject
		{F3B19182-875D-4429-8AC0-94BB6F09FBCB} = {F3B19182-875D-4429-8AC0-94BB6F09FBCB}
	EndProjectSection
EndProject
Project("{FAE04EC0-301F-11D3-BF4B-00C04F79EFBC}") = "Gecko.NCore.Client.Documents.V3", "net45\Client.Documents.V3\Gecko.NCore.Client.Documents.V3.csproj", "{8FAB91AB-77EA-4450-ABEA-35947EDDF3ED}"
	ProjectSection(ProjectDependencies) = postProject
		{F3B19182-875D-4429-8AC0-94BB6F09FBCB} = {F3B19182-875D-4429-8AC0-94BB6F09FBCB}
	EndProjectSection
EndProject
Project("{FAE04EC0-301F-11D3-BF4B-00C04F79EFBC}") = "Gecko.NCore.Client.Functions.V1", "net45\Client.Functions.V1\Gecko.NCore.Client.Functions.V1.csproj", "{D9D8A830-2EC8-40D9-A70C-3E7F350F6324}"
	ProjectSection(ProjectDependencies) = postProject
		{F3B19182-875D-4429-8AC0-94BB6F09FBCB} = {F3B19182-875D-4429-8AC0-94BB6F09FBCB}
	EndProjectSection
EndProject
Project("{FAE04EC0-301F-11D3-BF4B-00C04F79EFBC}") = "Gecko.NCore.Client.Metadata.V1", "net45\Client.Metadata.V1\Gecko.NCore.Client.Metadata.V1.csproj", "{738D5776-A102-4ADF-9D71-01133BE82572}"
	ProjectSection(ProjectDependencies) = postProject
		{F3B19182-875D-4429-8AC0-94BB6F09FBCB} = {F3B19182-875D-4429-8AC0-94BB6F09FBCB}
	EndProjectSection
EndProject
Project("{FAE04EC0-301F-11D3-BF4B-00C04F79EFBC}") = "Gecko.NCore.Client.Notification.V1", "net45\Client.Notification.V1\Gecko.NCore.Client.Notification.V1.csproj", "{279A554B-D055-45EB-AA30-4275EA0101D4}"
	ProjectSection(ProjectDependencies) = postProject
		{F3B19182-875D-4429-8AC0-94BB6F09FBCB} = {F3B19182-875D-4429-8AC0-94BB6F09FBCB}
	EndProjectSection
EndProject
Project("{FAE04EC0-301F-11D3-BF4B-00C04F79EFBC}") = "Gecko.NCore.Client.ObjectModel.V1", "net45\Client.ObjectModel.V1\Gecko.NCore.Client.ObjectModel.V1.csproj", "{7CCB2316-8DC2-403C-9E85-4B0506027614}"
	ProjectSection(ProjectDependencies) = postProject
		{F3B19182-875D-4429-8AC0-94BB6F09FBCB} = {F3B19182-875D-4429-8AC0-94BB6F09FBCB}
	EndProjectSection
EndProject
Project("{FAE04EC0-301F-11D3-BF4B-00C04F79EFBC}") = "Gecko.NCore.Client.ObjectModel.V2", "net45\Client.ObjectModel.V2\Gecko.NCore.Client.ObjectModel.V2.csproj", "{371C666E-D2E2-4276-98F3-FBD813A7009C}"
	ProjectSection(ProjectDependencies) = postProject
		{F3B19182-875D-4429-8AC0-94BB6F09FBCB} = {F3B19182-875D-4429-8AC0-94BB6F09FBCB}
	EndProjectSection
EndProject
Project("{FAE04EC0-301F-11D3-BF4B-00C04F79EFBC}") = "Gecko.NCore.Client.ObjectModel.V3.En", "net45\Client.ObjectModel.V3.En\Gecko.NCore.Client.ObjectModel.V3.En.csproj", "{C051E08E-57D0-4CF4-A082-7BBE9B0963DF}"
	ProjectSection(ProjectDependencies) = postProject
		{F3B19182-875D-4429-8AC0-94BB6F09FBCB} = {F3B19182-875D-4429-8AC0-94BB6F09FBCB}
	EndProjectSection
EndProject
Project("{FAE04EC0-301F-11D3-BF4B-00C04F79EFBC}") = "Gecko.NCore.Client.ObjectModel.V3.No", "net45\Client.ObjectModel.V3.No\Gecko.NCore.Client.ObjectModel.V3.No.csproj", "{D6500AB8-AD06-4C74-9C52-1DCF479C0D2D}"
	ProjectSection(ProjectDependencies) = postProject
		{F3B19182-875D-4429-8AC0-94BB6F09FBCB} = {F3B19182-875D-4429-8AC0-94BB6F09FBCB}
	EndProjectSection
EndProject
Project("{FAE04EC0-301F-11D3-BF4B-00C04F79EFBC}") = "Gecko.NCore.Client.DynamicObjectModel.V1", "net45\Client.DynamicObjectModel.V1\Gecko.NCore.Client.DynamicObjectModel.V1.csproj", "{50A49079-C0A0-43B9-AE1D-18595E417A8C}"
	ProjectSection(ProjectDependencies) = postProject
		{F3B19182-875D-4429-8AC0-94BB6F09FBCB} = {F3B19182-875D-4429-8AC0-94BB6F09FBCB}
	EndProjectSection
EndProject
Project("{FAE04EC0-301F-11D3-BF4B-00C04F79EFBC}") = "Gecko.NCore.Client.Functions.V2", "net45\Client.Functions.V2\Gecko.NCore.Client.Functions.V2.csproj", "{817C4295-2EA0-4847-AB91-536B29B9FFA4}"
	ProjectSection(ProjectDependencies) = postProject
		{F3B19182-875D-4429-8AC0-94BB6F09FBCB} = {F3B19182-875D-4429-8AC0-94BB6F09FBCB}
	EndProjectSection
EndProject
Project("{FAE04EC0-301F-11D3-BF4B-00C04F79EFBC}") = "Gecko.NCore.Host", "Gecko.NCore.Host\Gecko.NCore.Host.csproj", "{F3B19182-875D-4429-8AC0-94BB6F09FBCB}"
EndProject
Project("{2150E333-8FDC-42A3-9474-1A3956D46DE8}") = "02 - NET 3.5", "02 - NET 3.5", "{2BB53F7A-7E22-4111-AFE7-7D0365754E8B}"
EndProject
Project("{FAE04EC0-301F-11D3-BF4B-00C04F79EFBC}") = "Gecko.NCore.Client", "net35\Client\Gecko.NCore.Client.csproj", "{B4F0D3BA-5C30-4C6A-A78A-5D802D43F944}"
EndProject
Project("{FAE04EC0-301F-11D3-BF4B-00C04F79EFBC}") = "Gecko.NCore.Client.ChangeTracking.V1", "net35\Client.ChangeTracking.V1\Gecko.NCore.Client.ChangeTracking.V1.csproj", "{035A2CBD-2566-4DA6-BECE-7428592F0770}"
	ProjectSection(ProjectDependencies) = postProject
		{F3B19182-875D-4429-8AC0-94BB6F09FBCB} = {F3B19182-875D-4429-8AC0-94BB6F09FBCB}
	EndProjectSection
EndProject
Project("{FAE04EC0-301F-11D3-BF4B-00C04F79EFBC}") = "Gecko.NCore.Client.Claims.V1", "net35\Client.Claims.V1\Gecko.NCore.Client.Claims.V1.csproj", "{AC9ECF0D-6AC3-4CD6-8E3B-E1892A45978A}"
	ProjectSection(ProjectDependencies) = postProject
		{F3B19182-875D-4429-8AC0-94BB6F09FBCB} = {F3B19182-875D-4429-8AC0-94BB6F09FBCB}
	EndProjectSection
EndProject
Project("{FAE04EC0-301F-11D3-BF4B-00C04F79EFBC}") = "Gecko.NCore.Client.Documents.V1", "net35\Client.Documents.V1\Gecko.NCore.Client.Documents.V1.csproj", "{FD0888FB-855F-42CA-8505-12B029B2518B}"
	ProjectSection(ProjectDependencies) = postProject
		{F3B19182-875D-4429-8AC0-94BB6F09FBCB} = {F3B19182-875D-4429-8AC0-94BB6F09FBCB}
	EndProjectSection
EndProject
Project("{FAE04EC0-301F-11D3-BF4B-00C04F79EFBC}") = "Gecko.NCore.Client.Documents.V2", "net35\Client.Documents.V2\Gecko.NCore.Client.Documents.V2.csproj", "{D1A57D7C-4FAC-44C1-BBB0-B77A0AB2DC53}"
	ProjectSection(ProjectDependencies) = postProject
		{F3B19182-875D-4429-8AC0-94BB6F09FBCB} = {F3B19182-875D-4429-8AC0-94BB6F09FBCB}
	EndProjectSection
EndProject
Project("{FAE04EC0-301F-11D3-BF4B-00C04F79EFBC}") = "Gecko.NCore.Client.Documents.V3", "net35\Client.Documents.V3\Gecko.NCore.Client.Documents.V3.csproj", "{96827823-157A-4B95-A28E-FB3526ABE762}"
	ProjectSection(ProjectDependencies) = postProject
		{F3B19182-875D-4429-8AC0-94BB6F09FBCB} = {F3B19182-875D-4429-8AC0-94BB6F09FBCB}
	EndProjectSection
EndProject
Project("{FAE04EC0-301F-11D3-BF4B-00C04F79EFBC}") = "Gecko.NCore.Client.DynamicObjectModel.V1", "net35\Client.DynamicObjectModel.V1\Gecko.NCore.Client.DynamicObjectModel.V1.csproj", "{9E4383C2-81C7-4218-AE10-01C5B8D57D76}"
	ProjectSection(ProjectDependencies) = postProject
		{F3B19182-875D-4429-8AC0-94BB6F09FBCB} = {F3B19182-875D-4429-8AC0-94BB6F09FBCB}
	EndProjectSection
EndProject
Project("{FAE04EC0-301F-11D3-BF4B-00C04F79EFBC}") = "Gecko.NCore.Client.Functions.V1", "net35\Client.Functions.V1\Gecko.NCore.Client.Functions.V1.csproj", "{3A21B623-72EC-4F2C-AD13-AE0966DD4B8B}"
	ProjectSection(ProjectDependencies) = postProject
		{F3B19182-875D-4429-8AC0-94BB6F09FBCB} = {F3B19182-875D-4429-8AC0-94BB6F09FBCB}
	EndProjectSection
EndProject
Project("{FAE04EC0-301F-11D3-BF4B-00C04F79EFBC}") = "Gecko.NCore.Client.Functions.V2", "net35\Client.Functions.V2\Gecko.NCore.Client.Functions.V2.csproj", "{564A66B7-C88A-4653-B566-89140851F6E3}"
	ProjectSection(ProjectDependencies) = postProject
		{F3B19182-875D-4429-8AC0-94BB6F09FBCB} = {F3B19182-875D-4429-8AC0-94BB6F09FBCB}
	EndProjectSection
EndProject
Project("{FAE04EC0-301F-11D3-BF4B-00C04F79EFBC}") = "Gecko.NCore.Client.Metadata.V1", "net35\Client.Metadata.V1\Gecko.NCore.Client.Metadata.V1.csproj", "{29E1B1EE-E587-4694-97C7-BF98ABE59DC0}"
	ProjectSection(ProjectDependencies) = postProject
		{F3B19182-875D-4429-8AC0-94BB6F09FBCB} = {F3B19182-875D-4429-8AC0-94BB6F09FBCB}
	EndProjectSection
EndProject
Project("{FAE04EC0-301F-11D3-BF4B-00C04F79EFBC}") = "Gecko.NCore.Client.Notification.V1", "net35\Client.Notification.V1\Gecko.NCore.Client.Notification.V1.csproj", "{B788D862-15C5-4F6B-9403-DBD27A0D6730}"
	ProjectSection(ProjectDependencies) = postProject
		{F3B19182-875D-4429-8AC0-94BB6F09FBCB} = {F3B19182-875D-4429-8AC0-94BB6F09FBCB}
	EndProjectSection
EndProject
Project("{FAE04EC0-301F-11D3-BF4B-00C04F79EFBC}") = "Gecko.NCore.Client.ObjectModel.V1", "net35\Client.ObjectModel.V1\Gecko.NCore.Client.ObjectModel.V1.csproj", "{F532F697-69CC-4A4F-B2AE-6E6DF16AF9F0}"
	ProjectSection(ProjectDependencies) = postProject
		{F3B19182-875D-4429-8AC0-94BB6F09FBCB} = {F3B19182-875D-4429-8AC0-94BB6F09FBCB}
	EndProjectSection
EndProject
Project("{FAE04EC0-301F-11D3-BF4B-00C04F79EFBC}") = "Gecko.NCore.Client.ObjectModel.V2", "net35\Client.ObjectModel.V2\Gecko.NCore.Client.ObjectModel.V2.csproj", "{1E45053D-BCD4-41CD-A423-DB1C775D2F3C}"
	ProjectSection(ProjectDependencies) = postProject
		{F3B19182-875D-4429-8AC0-94BB6F09FBCB} = {F3B19182-875D-4429-8AC0-94BB6F09FBCB}
	EndProjectSection
EndProject
Project("{FAE04EC0-301F-11D3-BF4B-00C04F79EFBC}") = "Gecko.NCore.Client.ObjectModel.V3.En", "net35\Client.ObjectModel.V3.En\Gecko.NCore.Client.ObjectModel.V3.En.csproj", "{947BE98F-7662-49F9-A964-E5264B5613AF}"
	ProjectSection(ProjectDependencies) = postProject
		{F3B19182-875D-4429-8AC0-94BB6F09FBCB} = {F3B19182-875D-4429-8AC0-94BB6F09FBCB}
	EndProjectSection
EndProject
Project("{FAE04EC0-301F-11D3-BF4B-00C04F79EFBC}") = "Gecko.NCore.Client.ObjectModel.V3.No", "net35\Client.ObjectModel.V3.No\Gecko.NCore.Client.ObjectModel.V3.No.csproj", "{D413B522-397B-4972-A7B0-1AB63264BF5D}"
	ProjectSection(ProjectDependencies) = postProject
		{F3B19182-875D-4429-8AC0-94BB6F09FBCB} = {F3B19182-875D-4429-8AC0-94BB6F09FBCB}
	EndProjectSection
EndProject
Project("{2150E333-8FDC-42A3-9474-1A3956D46DE8}") = "03 - NET 4.0", "03 - NET 4.0", "{79FE47D4-B747-4AF1-9446-A226D4A33C96}"
EndProject
Project("{FAE04EC0-301F-11D3-BF4B-00C04F79EFBC}") = "Gecko.NCore.Client", "net40\Client\Gecko.NCore.Client.csproj", "{4593DFAC-31C1-4B65-9AAF-5ABAB4345D43}"
EndProject
Project("{FAE04EC0-301F-11D3-BF4B-00C04F79EFBC}") = "Gecko.NCore.Client.ChangeTracking.V1", "net40\Client.ChangeTracking.V1\Gecko.NCore.Client.ChangeTracking.V1.csproj", "{66784997-89E9-4B00-867E-EA8CEAE4C794}"
EndProject
Project("{FAE04EC0-301F-11D3-BF4B-00C04F79EFBC}") = "Gecko.NCore.Client.Claims.V1", "net40\Client.Claims.V1\Gecko.NCore.Client.Claims.V1.csproj", "{3974A0F9-A810-4F13-A936-3036D9EDA974}"
EndProject
Project("{FAE04EC0-301F-11D3-BF4B-00C04F79EFBC}") = "Gecko.NCore.Client.Documents.V1", "net40\Client.Documents.V1\Gecko.NCore.Client.Documents.V1.csproj", "{432C3931-4053-4E91-BED5-B36D7E993125}"
EndProject
Project("{FAE04EC0-301F-11D3-BF4B-00C04F79EFBC}") = "Gecko.NCore.Client.Documents.V2", "net40\Client.Documents.V2\Gecko.NCore.Client.Documents.V2.csproj", "{4A9BE48A-67A2-4C75-8139-F5D2B728DE0A}"
	ProjectSection(ProjectDependencies) = postProject
		{F3B19182-875D-4429-8AC0-94BB6F09FBCB} = {F3B19182-875D-4429-8AC0-94BB6F09FBCB}
	EndProjectSection
EndProject
Project("{FAE04EC0-301F-11D3-BF4B-00C04F79EFBC}") = "Gecko.NCore.Client.Documents.V3", "net40\Client.Documents.V3\Gecko.NCore.Client.Documents.V3.csproj", "{103CFF9B-B589-4E5D-B3E9-9945BC44CE90}"
EndProject
Project("{FAE04EC0-301F-11D3-BF4B-00C04F79EFBC}") = "Gecko.NCore.Client.DynamicObjectModel.V1", "net40\Client.DynamicObjectModel.V1\Gecko.NCore.Client.DynamicObjectModel.V1.csproj", "{DAAA33AB-1135-4DDE-9FFB-FE540161FF95}"
EndProject
Project("{FAE04EC0-301F-11D3-BF4B-00C04F79EFBC}") = "Gecko.NCore.Client.Functions.V1", "net40\Client.Functions.V1\Gecko.NCore.Client.Functions.V1.csproj", "{A47C2A22-157C-483F-81DF-3A9609ACD316}"
EndProject
Project("{FAE04EC0-301F-11D3-BF4B-00C04F79EFBC}") = "Gecko.NCore.Client.Functions.V2", "net40\Client.Functions.V2\Gecko.NCore.Client.Functions.V2.csproj", "{1D1DC96E-7181-4BB9-BFD6-B6C12D7124DD}"
EndProject
Project("{FAE04EC0-301F-11D3-BF4B-00C04F79EFBC}") = "Gecko.NCore.Client.Metadata.V1", "net40\Client.Metadata.V1\Gecko.NCore.Client.Metadata.V1.csproj", "{17824477-1C17-41C4-835B-D44B1121EAC4}"
EndProject
Project("{FAE04EC0-301F-11D3-BF4B-00C04F79EFBC}") = "Gecko.NCore.Client.Notification.V1", "net40\Client.Notification.V1\Gecko.NCore.Client.Notification.V1.csproj", "{6A0A9422-7072-4396-97C1-616C64E4F84C}"
EndProject
Project("{FAE04EC0-301F-11D3-BF4B-00C04F79EFBC}") = "Gecko.NCore.Client.ObjectModel.V1", "net40\Client.ObjectModel.V1\Gecko.NCore.Client.ObjectModel.V1.csproj", "{9E2AEB52-3F82-4840-ACD3-88A39F58B9C8}"
EndProject
Project("{FAE04EC0-301F-11D3-BF4B-00C04F79EFBC}") = "Gecko.NCore.Client.ObjectModel.V2", "net40\Client.ObjectModel.V2\Gecko.NCore.Client.ObjectModel.V2.csproj", "{651385DC-C8C7-4FB6-BB1B-DF42F8138180}"
EndProject
Project("{FAE04EC0-301F-11D3-BF4B-00C04F79EFBC}") = "Gecko.NCore.Client.ObjectModel.V3.En", "net40\Client.ObjectModel.V3.En\Gecko.NCore.Client.ObjectModel.V3.En.csproj", "{020F6272-4B1F-4024-8946-57831579C2DC}"
EndProject
Project("{FAE04EC0-301F-11D3-BF4B-00C04F79EFBC}") = "Gecko.NCore.Client.ObjectModel.V3.No", "net40\Client.ObjectModel.V3.No\Gecko.NCore.Client.ObjectModel.V3.No.csproj", "{DD0AE83B-1846-49C2-87F6-2A18D0F27ADC}"
EndProject
Project("{2150E333-8FDC-42A3-9474-1A3956D46DE8}") = "05 - NUSPEC", "05 - NUSPEC", "{875FEB6C-746A-404A-AACF-BC031B29F3EE}"
	ProjectSection(SolutionItems) = preProject
		nuspec\Gecko.NCore.Client.ChangeTracking.V1.nuspec = nuspec\Gecko.NCore.Client.ChangeTracking.V1.nuspec
		nuspec\Gecko.NCore.Client.Claims.V1.nuspec = nuspec\Gecko.NCore.Client.Claims.V1.nuspec
		nuspec\Gecko.NCore.Client.Documents.V1.nuspec = nuspec\Gecko.NCore.Client.Documents.V1.nuspec
		nuspec\Gecko.NCore.Client.Documents.V2.nuspec = nuspec\Gecko.NCore.Client.Documents.V2.nuspec
		nuspec\Gecko.NCore.Client.Documents.V3.nuspec = nuspec\Gecko.NCore.Client.Documents.V3.nuspec
		nuspec\Gecko.NCore.Client.DynamicObjectModel.V1.nuspec = nuspec\Gecko.NCore.Client.DynamicObjectModel.V1.nuspec
		nuspec\Gecko.NCore.Client.Functions.V1.nuspec = nuspec\Gecko.NCore.Client.Functions.V1.nuspec
		nuspec\Gecko.NCore.Client.Functions.V2.nuspec = nuspec\Gecko.NCore.Client.Functions.V2.nuspec
		nuspec\Gecko.NCore.Client.Metadata.V1.nuspec = nuspec\Gecko.NCore.Client.Metadata.V1.nuspec
		nuspec\Gecko.NCore.Client.Notification.V1.nuspec = nuspec\Gecko.NCore.Client.Notification.V1.nuspec
		nuspec\Gecko.NCore.Client.nuspec = nuspec\Gecko.NCore.Client.nuspec
		nuspec\Gecko.NCore.Client.ObjectModel.V1.nuspec = nuspec\Gecko.NCore.Client.ObjectModel.V1.nuspec
		nuspec\Gecko.NCore.Client.ObjectModel.V2.nuspec = nuspec\Gecko.NCore.Client.ObjectModel.V2.nuspec
		nuspec\Gecko.NCore.Client.ObjectModel.V3.En.nuspec = nuspec\Gecko.NCore.Client.ObjectModel.V3.En.nuspec
		nuspec\Gecko.NCore.Client.ObjectModel.V3.No.nuspec = nuspec\Gecko.NCore.Client.ObjectModel.V3.No.nuspec
	EndProjectSection
EndProject
Global
	GlobalSection(TeamFoundationVersionControl) = preSolution
		SccNumberOfProjects = 47
		SccEnterpriseProvider = {4CA58AB2-18FA-4F8D-95D4-32DDF27D184C}
		SccTeamFoundationServer = https://tfs.gecko.no:8088/tfs/defaultcollection
		SccLocalPath0 = .
		SccProjectUniqueName1 = Gecko.NCore.Host\\Gecko.NCore.Host.csproj
		SccProjectTopLevelParentUniqueName1 = Gecko.NCore.Client.sln
		SccProjectName1 = Gecko.NCore.Host
		SccLocalPath1 = Gecko.NCore.Host
		SccProjectUniqueName2 = net45\\Client\\Gecko.NCore.Client.csproj
		SccProjectTopLevelParentUniqueName2 = Gecko.NCore.Client.sln
		SccProjectName2 = net45/Client
		SccLocalPath2 = net45\\Client
		SccProjectUniqueName3 = net45\\Client.ChangeTracking.V1\\Gecko.NCore.Client.ChangeTracking.V1.csproj
		SccProjectTopLevelParentUniqueName3 = Gecko.NCore.Client.sln
		SccProjectName3 = net45/Client.ChangeTracking.V1
		SccLocalPath3 = net45\\Client.ChangeTracking.V1
		SccProjectUniqueName4 = net45\\Client.Claims.V1\\Gecko.NCore.Client.Claims.V1.csproj
		SccProjectTopLevelParentUniqueName4 = Gecko.NCore.Client.sln
		SccProjectName4 = net45/Client.Claims.V1
		SccLocalPath4 = net45\\Client.Claims.V1
		SccProjectUniqueName5 = net45\\Client.Documents.V1\\Gecko.NCore.Client.Documents.V1.csproj
		SccProjectTopLevelParentUniqueName5 = Gecko.NCore.Client.sln
		SccProjectName5 = net45/Client.Documents.V1
		SccLocalPath5 = net45\\Client.Documents.V1
		SccProjectUniqueName6 = net45\\Client.Documents.V2\\Gecko.NCore.Client.Documents.V2.csproj
		SccProjectTopLevelParentUniqueName6 = Gecko.NCore.Client.sln
		SccProjectName6 = net45/Client.Documents.V2
		SccLocalPath6 = net45\\Client.Documents.V2
		SccProjectUniqueName7 = net45\\Client.Documents.V3\\Gecko.NCore.Client.Documents.V3.csproj
		SccProjectTopLevelParentUniqueName7 = Gecko.NCore.Client.sln
		SccProjectName7 = net45/Client.Documents.V3
		SccLocalPath7 = net45\\Client.Documents.V3
		SccProjectUniqueName8 = net45\\Client.Functions.V1\\Gecko.NCore.Client.Functions.V1.csproj
		SccProjectTopLevelParentUniqueName8 = Gecko.NCore.Client.sln
		SccProjectName8 = net45/Client.Functions.V1
		SccLocalPath8 = net45\\Client.Functions.V1
		SccProjectUniqueName9 = net45\\Client.Metadata.V1\\Gecko.NCore.Client.Metadata.V1.csproj
		SccProjectTopLevelParentUniqueName9 = Gecko.NCore.Client.sln
		SccProjectName9 = net45/Client.Metadata.V1
		SccLocalPath9 = net45\\Client.Metadata.V1
		SccProjectUniqueName10 = net45\\Client.Notification.V1\\Gecko.NCore.Client.Notification.V1.csproj
		SccProjectTopLevelParentUniqueName10 = Gecko.NCore.Client.sln
		SccProjectName10 = net45/Client.Notification.V1
		SccLocalPath10 = net45\\Client.Notification.V1
		SccProjectUniqueName11 = net45\\Client.ObjectModel.V1\\Gecko.NCore.Client.ObjectModel.V1.csproj
		SccProjectTopLevelParentUniqueName11 = Gecko.NCore.Client.sln
		SccProjectName11 = net45/Client.ObjectModel.V1
		SccLocalPath11 = net45\\Client.ObjectModel.V1
		SccProjectUniqueName12 = net45\\Client.ObjectModel.V2\\Gecko.NCore.Client.ObjectModel.V2.csproj
		SccProjectTopLevelParentUniqueName12 = Gecko.NCore.Client.sln
		SccProjectName12 = net45/Client.ObjectModel.V2
		SccLocalPath12 = net45\\Client.ObjectModel.V2
		SccProjectUniqueName13 = net45\\Client.ObjectModel.V3.En\\Gecko.NCore.Client.ObjectModel.V3.En.csproj
		SccProjectTopLevelParentUniqueName13 = Gecko.NCore.Client.sln
		SccProjectName13 = net45/Client.ObjectModel.V3.En
		SccLocalPath13 = net45\\Client.ObjectModel.V3.En
		SccProjectUniqueName14 = net45\\Client.ObjectModel.V3.No\\Gecko.NCore.Client.ObjectModel.V3.No.csproj
		SccProjectTopLevelParentUniqueName14 = Gecko.NCore.Client.sln
		SccProjectName14 = net45/Client.ObjectModel.V3.No
		SccLocalPath14 = net45\\Client.ObjectModel.V3.No
		SccProjectUniqueName15 = net45\\Client.DynamicObjectModel.V1\\Gecko.NCore.Client.DynamicObjectModel.V1.csproj
		SccProjectTopLevelParentUniqueName15 = Gecko.NCore.Client.sln
		SccProjectName15 = net45/Client.DynamicObjectModel.V1
		SccLocalPath15 = net45\\Client.DynamicObjectModel.V1
		SccProjectUniqueName16 = net45\\Client.Functions.V2\\Gecko.NCore.Client.Functions.V2.csproj
		SccProjectTopLevelParentUniqueName16 = Gecko.NCore.Client.sln
		SccProjectName16 = net45/Client.Functions.V2
		SccLocalPath16 = net45\\Client.Functions.V2
		SccProjectUniqueName17 = net35\\Client\\Gecko.NCore.Client.csproj
		SccProjectTopLevelParentUniqueName17 = Gecko.NCore.Client.sln
		SccProjectName17 = net35/Client
		SccLocalPath17 = net35\\Client
		SccProjectUniqueName18 = net35\\Client.ChangeTracking.V1\\Gecko.NCore.Client.ChangeTracking.V1.csproj
		SccProjectTopLevelParentUniqueName18 = Gecko.NCore.Client.sln
		SccProjectName18 = net35/Client.ChangeTracking.V1
		SccLocalPath18 = net35\\Client.ChangeTracking.V1
		SccProjectUniqueName19 = net35\\Client.Claims.V1\\Gecko.NCore.Client.Claims.V1.csproj
		SccProjectTopLevelParentUniqueName19 = Gecko.NCore.Client.sln
		SccProjectName19 = net35/Client.Claims.V1
		SccLocalPath19 = net35\\Client.Claims.V1
		SccProjectUniqueName20 = net35\\Client.Documents.V1\\Gecko.NCore.Client.Documents.V1.csproj
		SccProjectTopLevelParentUniqueName20 = Gecko.NCore.Client.sln
		SccProjectName20 = net35/Client.Documents.V1
		SccLocalPath20 = net35\\Client.Documents.V1
		SccProjectUniqueName21 = net35\\Client.Documents.V2\\Gecko.NCore.Client.Documents.V2.csproj
		SccProjectTopLevelParentUniqueName21 = Gecko.NCore.Client.sln
		SccProjectName21 = net35/Client.Documents.V2
		SccLocalPath21 = net35\\Client.Documents.V2
		SccProjectUniqueName22 = net35\\Client.Documents.V3\\Gecko.NCore.Client.Documents.V3.csproj
		SccProjectTopLevelParentUniqueName22 = Gecko.NCore.Client.sln
		SccProjectName22 = net35/Client.Documents.V3
		SccLocalPath22 = net35\\Client.Documents.V3
		SccProjectUniqueName23 = net35\\Client.DynamicObjectModel.V1\\Gecko.NCore.Client.DynamicObjectModel.V1.csproj
		SccProjectTopLevelParentUniqueName23 = Gecko.NCore.Client.sln
		SccProjectName23 = net35/Client.DynamicObjectModel.V1
		SccLocalPath23 = net35\\Client.DynamicObjectModel.V1
		SccProjectUniqueName24 = net35\\Client.Functions.V1\\Gecko.NCore.Client.Functions.V1.csproj
		SccProjectTopLevelParentUniqueName24 = Gecko.NCore.Client.sln
		SccProjectName24 = net35/Client.Functions.V1
		SccLocalPath24 = net35\\Client.Functions.V1
		SccProjectUniqueName25 = net35\\Client.Functions.V2\\Gecko.NCore.Client.Functions.V2.csproj
		SccProjectTopLevelParentUniqueName25 = Gecko.NCore.Client.sln
		SccProjectName25 = net35/Client.Functions.V2
		SccLocalPath25 = net35\\Client.Functions.V2
		SccProjectUniqueName26 = net35\\Client.Metadata.V1\\Gecko.NCore.Client.Metadata.V1.csproj
		SccProjectTopLevelParentUniqueName26 = Gecko.NCore.Client.sln
		SccProjectName26 = net35/Client.Metadata.V1
		SccLocalPath26 = net35\\Client.Metadata.V1
		SccProjectUniqueName27 = net35\\Client.Notification.V1\\Gecko.NCore.Client.Notification.V1.csproj
		SccProjectTopLevelParentUniqueName27 = Gecko.NCore.Client.sln
		SccProjectName27 = net35/Client.Notification.V1
		SccLocalPath27 = net35\\Client.Notification.V1
		SccProjectUniqueName28 = net35\\Client.ObjectModel.V1\\Gecko.NCore.Client.ObjectModel.V1.csproj
		SccProjectTopLevelParentUniqueName28 = Gecko.NCore.Client.sln
		SccProjectName28 = net35/Client.ObjectModel.V1
		SccLocalPath28 = net35\\Client.ObjectModel.V1
		SccProjectUniqueName29 = net35\\Client.ObjectModel.V2\\Gecko.NCore.Client.ObjectModel.V2.csproj
		SccProjectTopLevelParentUniqueName29 = Gecko.NCore.Client.sln
		SccProjectName29 = net35/Client.ObjectModel.V2
		SccLocalPath29 = net35\\Client.ObjectModel.V2
		SccProjectUniqueName30 = net35\\Client.ObjectModel.V3.En\\Gecko.NCore.Client.ObjectModel.V3.En.csproj
		SccProjectTopLevelParentUniqueName30 = Gecko.NCore.Client.sln
		SccProjectName30 = net35/Client.ObjectModel.V3.En
		SccLocalPath30 = net35\\Client.ObjectModel.V3.En
		SccProjectUniqueName31 = net35\\Client.ObjectModel.V3.No\\Gecko.NCore.Client.ObjectModel.V3.No.csproj
		SccProjectTopLevelParentUniqueName31 = Gecko.NCore.Client.sln
		SccProjectName31 = net35/Client.ObjectModel.V3.No
		SccLocalPath31 = net35\\Client.ObjectModel.V3.No
		SccProjectUniqueName32 = net40\\Client\\Gecko.NCore.Client.csproj
		SccProjectTopLevelParentUniqueName32 = Gecko.NCore.Client.sln
		SccProjectName32 = net40/Client
		SccLocalPath32 = net40\\Client
		SccProjectUniqueName33 = net40\\Client.ChangeTracking.V1\\Gecko.NCore.Client.ChangeTracking.V1.csproj
		SccProjectTopLevelParentUniqueName33 = Gecko.NCore.Client.sln
		SccProjectName33 = net40/Client.ChangeTracking.V1
		SccLocalPath33 = net40\\Client.ChangeTracking.V1
		SccProjectUniqueName34 = net40\\Client.Claims.V1\\Gecko.NCore.Client.Claims.V1.csproj
		SccProjectTopLevelParentUniqueName34 = Gecko.NCore.Client.sln
		SccProjectName34 = net40/Client.Claims.V1
		SccLocalPath34 = net40\\Client.Claims.V1
		SccProjectUniqueName35 = net40\\Client.Documents.V1\\Gecko.NCore.Client.Documents.V1.csproj
		SccProjectTopLevelParentUniqueName35 = Gecko.NCore.Client.sln
		SccProjectName35 = net40/Client.Documents.V1
		SccLocalPath35 = net40\\Client.Documents.V1
		SccProjectUniqueName36 = net40\\Client.Documents.V2\\Gecko.NCore.Client.Documents.V2.csproj
		SccProjectTopLevelParentUniqueName36 = Gecko.NCore.Client.sln
		SccProjectName36 = net40/Client.Documents.V2
		SccLocalPath36 = net40\\Client.Documents.V2
		SccProjectUniqueName37 = net40\\Client.Documents.V3\\Gecko.NCore.Client.Documents.V3.csproj
		SccProjectTopLevelParentUniqueName37 = Gecko.NCore.Client.sln
		SccProjectName37 = net40/Client.Documents.V3
		SccLocalPath37 = net40\\Client.Documents.V3
		SccProjectUniqueName38 = net40\\Client.DynamicObjectModel.V1\\Gecko.NCore.Client.DynamicObjectModel.V1.csproj
		SccProjectTopLevelParentUniqueName38 = Gecko.NCore.Client.sln
		SccProjectName38 = net40/Client.DynamicObjectModel.V1
		SccLocalPath38 = net40\\Client.DynamicObjectModel.V1
		SccProjectUniqueName39 = net40\\Client.Functions.V1\\Gecko.NCore.Client.Functions.V1.csproj
		SccProjectTopLevelParentUniqueName39 = Gecko.NCore.Client.sln
		SccProjectName39 = net40/Client.Functions.V1
		SccLocalPath39 = net40\\Client.Functions.V1
		SccProjectUniqueName40 = net40\\Client.Functions.V2\\Gecko.NCore.Client.Functions.V2.csproj
		SccProjectTopLevelParentUniqueName40 = Gecko.NCore.Client.sln
		SccProjectName40 = net40/Client.Functions.V2
		SccLocalPath40 = net40\\Client.Functions.V2
		SccProjectUniqueName41 = net40\\Client.Metadata.V1\\Gecko.NCore.Client.Metadata.V1.csproj
		SccProjectTopLevelParentUniqueName41 = Gecko.NCore.Client.sln
		SccProjectName41 = net40/Client.Metadata.V1
		SccLocalPath41 = net40\\Client.Metadata.V1
		SccProjectUniqueName42 = net40\\Client.Notification.V1\\Gecko.NCore.Client.Notification.V1.csproj
		SccProjectTopLevelParentUniqueName42 = Gecko.NCore.Client.sln
		SccProjectName42 = net40/Client.Notification.V1
		SccLocalPath42 = net40\\Client.Notification.V1
		SccProjectUniqueName43 = net40\\Client.ObjectModel.V1\\Gecko.NCore.Client.ObjectModel.V1.csproj
		SccProjectTopLevelParentUniqueName43 = Gecko.NCore.Client.sln
		SccProjectName43 = net40/Client.ObjectModel.V1
		SccLocalPath43 = net40\\Client.ObjectModel.V1
		SccProjectUniqueName44 = net40\\Client.ObjectModel.V2\\Gecko.NCore.Client.ObjectModel.V2.csproj
		SccProjectTopLevelParentUniqueName44 = Gecko.NCore.Client.sln
		SccProjectName44 = net40/Client.ObjectModel.V2
		SccLocalPath44 = net40\\Client.ObjectModel.V2
		SccProjectUniqueName45 = net40\\Client.ObjectModel.V3.En\\Gecko.NCore.Client.ObjectModel.V3.En.csproj
		SccProjectTopLevelParentUniqueName45 = Gecko.NCore.Client.sln
		SccProjectName45 = net40/Client.ObjectModel.V3.En
		SccLocalPath45 = net40\\Client.ObjectModel.V3.En
		SccProjectUniqueName46 = net40\\Client.ObjectModel.V3.No\\Gecko.NCore.Client.ObjectModel.V3.No.csproj
		SccProjectTopLevelParentUniqueName46 = Gecko.NCore.Client.sln
		SccProjectName46 = net40/Client.ObjectModel.V3.No
		SccLocalPath46 = net40\\Client.ObjectModel.V3.No
	EndGlobalSection
	GlobalSection(SolutionConfigurationPlatforms) = preSolution
		Debug|Any CPU = Debug|Any CPU
		Debug|Mixed Platforms = Debug|Mixed Platforms
		Debug|x86 = Debug|x86
		Deploy|Any CPU = Deploy|Any CPU
		Deploy|Mixed Platforms = Deploy|Mixed Platforms
		Deploy|x86 = Deploy|x86
		Release|Any CPU = Release|Any CPU
		Release|Mixed Platforms = Release|Mixed Platforms
		Release|x86 = Release|x86
	EndGlobalSection
	GlobalSection(ProjectConfigurationPlatforms) = postSolution
		{59753DD8-9506-4044-A513-CAD06ADD3673}.Debug|Any CPU.ActiveCfg = Debug|Any CPU
		{59753DD8-9506-4044-A513-CAD06ADD3673}.Debug|Any CPU.Build.0 = Debug|Any CPU
		{59753DD8-9506-4044-A513-CAD06ADD3673}.Debug|Mixed Platforms.ActiveCfg = Debug|Any CPU
		{59753DD8-9506-4044-A513-CAD06ADD3673}.Debug|Mixed Platforms.Build.0 = Debug|Any CPU
		{59753DD8-9506-4044-A513-CAD06ADD3673}.Debug|x86.ActiveCfg = Debug|Any CPU
		{59753DD8-9506-4044-A513-CAD06ADD3673}.Deploy|Any CPU.ActiveCfg = Debug|Any CPU
		{59753DD8-9506-4044-A513-CAD06ADD3673}.Deploy|Any CPU.Build.0 = Debug|Any CPU
		{59753DD8-9506-4044-A513-CAD06ADD3673}.Deploy|Mixed Platforms.ActiveCfg = Debug|Any CPU
		{59753DD8-9506-4044-A513-CAD06ADD3673}.Deploy|Mixed Platforms.Build.0 = Debug|Any CPU
		{59753DD8-9506-4044-A513-CAD06ADD3673}.Deploy|x86.ActiveCfg = Debug|Any CPU
		{59753DD8-9506-4044-A513-CAD06ADD3673}.Release|Any CPU.ActiveCfg = Release|Any CPU
		{59753DD8-9506-4044-A513-CAD06ADD3673}.Release|Any CPU.Build.0 = Release|Any CPU
		{59753DD8-9506-4044-A513-CAD06ADD3673}.Release|Mixed Platforms.ActiveCfg = Release|Any CPU
		{59753DD8-9506-4044-A513-CAD06ADD3673}.Release|Mixed Platforms.Build.0 = Release|Any CPU
		{59753DD8-9506-4044-A513-CAD06ADD3673}.Release|x86.ActiveCfg = Release|Any CPU
		{EBAA49D4-50B0-4FC7-87BF-9245A404B626}.Debug|Any CPU.ActiveCfg = Debug|Any CPU
		{EBAA49D4-50B0-4FC7-87BF-9245A404B626}.Debug|Any CPU.Build.0 = Debug|Any CPU
		{EBAA49D4-50B0-4FC7-87BF-9245A404B626}.Debug|Mixed Platforms.ActiveCfg = Debug|Any CPU
		{EBAA49D4-50B0-4FC7-87BF-9245A404B626}.Debug|Mixed Platforms.Build.0 = Debug|Any CPU
		{EBAA49D4-50B0-4FC7-87BF-9245A404B626}.Debug|x86.ActiveCfg = Debug|Any CPU
		{EBAA49D4-50B0-4FC7-87BF-9245A404B626}.Deploy|Any CPU.ActiveCfg = Debug|Any CPU
		{EBAA49D4-50B0-4FC7-87BF-9245A404B626}.Deploy|Any CPU.Build.0 = Debug|Any CPU
		{EBAA49D4-50B0-4FC7-87BF-9245A404B626}.Deploy|Mixed Platforms.ActiveCfg = Debug|Any CPU
		{EBAA49D4-50B0-4FC7-87BF-9245A404B626}.Deploy|Mixed Platforms.Build.0 = Debug|Any CPU
		{EBAA49D4-50B0-4FC7-87BF-9245A404B626}.Deploy|x86.ActiveCfg = Debug|Any CPU
		{EBAA49D4-50B0-4FC7-87BF-9245A404B626}.Release|Any CPU.ActiveCfg = Release|Any CPU
		{EBAA49D4-50B0-4FC7-87BF-9245A404B626}.Release|Any CPU.Build.0 = Release|Any CPU
		{EBAA49D4-50B0-4FC7-87BF-9245A404B626}.Release|Mixed Platforms.ActiveCfg = Release|Any CPU
		{EBAA49D4-50B0-4FC7-87BF-9245A404B626}.Release|Mixed Platforms.Build.0 = Release|Any CPU
		{EBAA49D4-50B0-4FC7-87BF-9245A404B626}.Release|x86.ActiveCfg = Release|Any CPU
		{3B93F189-3D46-4882-97CE-B309CB58D03E}.Debug|Any CPU.ActiveCfg = Debug|Any CPU
		{3B93F189-3D46-4882-97CE-B309CB58D03E}.Debug|Any CPU.Build.0 = Debug|Any CPU
		{3B93F189-3D46-4882-97CE-B309CB58D03E}.Debug|Mixed Platforms.ActiveCfg = Debug|Any CPU
		{3B93F189-3D46-4882-97CE-B309CB58D03E}.Debug|Mixed Platforms.Build.0 = Debug|Any CPU
		{3B93F189-3D46-4882-97CE-B309CB58D03E}.Debug|x86.ActiveCfg = Debug|Any CPU
		{3B93F189-3D46-4882-97CE-B309CB58D03E}.Deploy|Any CPU.ActiveCfg = Debug|Any CPU
		{3B93F189-3D46-4882-97CE-B309CB58D03E}.Deploy|Any CPU.Build.0 = Debug|Any CPU
		{3B93F189-3D46-4882-97CE-B309CB58D03E}.Deploy|Mixed Platforms.ActiveCfg = Debug|Any CPU
		{3B93F189-3D46-4882-97CE-B309CB58D03E}.Deploy|Mixed Platforms.Build.0 = Debug|Any CPU
		{3B93F189-3D46-4882-97CE-B309CB58D03E}.Deploy|x86.ActiveCfg = Debug|Any CPU
		{3B93F189-3D46-4882-97CE-B309CB58D03E}.Release|Any CPU.ActiveCfg = Release|Any CPU
		{3B93F189-3D46-4882-97CE-B309CB58D03E}.Release|Any CPU.Build.0 = Release|Any CPU
		{3B93F189-3D46-4882-97CE-B309CB58D03E}.Release|Mixed Platforms.ActiveCfg = Release|Any CPU
		{3B93F189-3D46-4882-97CE-B309CB58D03E}.Release|Mixed Platforms.Build.0 = Release|Any CPU
		{3B93F189-3D46-4882-97CE-B309CB58D03E}.Release|x86.ActiveCfg = Release|Any CPU
		{F2F88797-A0D0-4730-8ACE-B322D0D773FC}.Debug|Any CPU.ActiveCfg = Debug|Any CPU
		{F2F88797-A0D0-4730-8ACE-B322D0D773FC}.Debug|Any CPU.Build.0 = Debug|Any CPU
		{F2F88797-A0D0-4730-8ACE-B322D0D773FC}.Debug|Mixed Platforms.ActiveCfg = Debug|Any CPU
		{F2F88797-A0D0-4730-8ACE-B322D0D773FC}.Debug|Mixed Platforms.Build.0 = Debug|Any CPU
		{F2F88797-A0D0-4730-8ACE-B322D0D773FC}.Debug|x86.ActiveCfg = Debug|Any CPU
		{F2F88797-A0D0-4730-8ACE-B322D0D773FC}.Deploy|Any CPU.ActiveCfg = Debug|Any CPU
		{F2F88797-A0D0-4730-8ACE-B322D0D773FC}.Deploy|Any CPU.Build.0 = Debug|Any CPU
		{F2F88797-A0D0-4730-8ACE-B322D0D773FC}.Deploy|Mixed Platforms.ActiveCfg = Debug|Any CPU
		{F2F88797-A0D0-4730-8ACE-B322D0D773FC}.Deploy|Mixed Platforms.Build.0 = Debug|Any CPU
		{F2F88797-A0D0-4730-8ACE-B322D0D773FC}.Deploy|x86.ActiveCfg = Debug|Any CPU
		{F2F88797-A0D0-4730-8ACE-B322D0D773FC}.Release|Any CPU.ActiveCfg = Release|Any CPU
		{F2F88797-A0D0-4730-8ACE-B322D0D773FC}.Release|Any CPU.Build.0 = Release|Any CPU
		{F2F88797-A0D0-4730-8ACE-B322D0D773FC}.Release|Mixed Platforms.ActiveCfg = Release|Any CPU
		{F2F88797-A0D0-4730-8ACE-B322D0D773FC}.Release|Mixed Platforms.Build.0 = Release|Any CPU
		{F2F88797-A0D0-4730-8ACE-B322D0D773FC}.Release|x86.ActiveCfg = Release|Any CPU
		{A564D217-5650-4653-85A9-00861A04167F}.Debug|Any CPU.ActiveCfg = Debug|Any CPU
		{A564D217-5650-4653-85A9-00861A04167F}.Debug|Any CPU.Build.0 = Debug|Any CPU
		{A564D217-5650-4653-85A9-00861A04167F}.Debug|Mixed Platforms.ActiveCfg = Debug|Any CPU
		{A564D217-5650-4653-85A9-00861A04167F}.Debug|Mixed Platforms.Build.0 = Debug|Any CPU
		{A564D217-5650-4653-85A9-00861A04167F}.Debug|x86.ActiveCfg = Debug|Any CPU
		{A564D217-5650-4653-85A9-00861A04167F}.Deploy|Any CPU.ActiveCfg = Debug|Any CPU
		{A564D217-5650-4653-85A9-00861A04167F}.Deploy|Any CPU.Build.0 = Debug|Any CPU
		{A564D217-5650-4653-85A9-00861A04167F}.Deploy|Mixed Platforms.ActiveCfg = Debug|Any CPU
		{A564D217-5650-4653-85A9-00861A04167F}.Deploy|Mixed Platforms.Build.0 = Debug|Any CPU
		{A564D217-5650-4653-85A9-00861A04167F}.Deploy|x86.ActiveCfg = Debug|Any CPU
		{A564D217-5650-4653-85A9-00861A04167F}.Release|Any CPU.ActiveCfg = Release|Any CPU
		{A564D217-5650-4653-85A9-00861A04167F}.Release|Any CPU.Build.0 = Release|Any CPU
		{A564D217-5650-4653-85A9-00861A04167F}.Release|Mixed Platforms.ActiveCfg = Release|Any CPU
		{A564D217-5650-4653-85A9-00861A04167F}.Release|Mixed Platforms.Build.0 = Release|Any CPU
		{A564D217-5650-4653-85A9-00861A04167F}.Release|x86.ActiveCfg = Release|Any CPU
		{8FAB91AB-77EA-4450-ABEA-35947EDDF3ED}.Debug|Any CPU.ActiveCfg = Debug|Any CPU
		{8FAB91AB-77EA-4450-ABEA-35947EDDF3ED}.Debug|Any CPU.Build.0 = Debug|Any CPU
		{8FAB91AB-77EA-4450-ABEA-35947EDDF3ED}.Debug|Mixed Platforms.ActiveCfg = Debug|Any CPU
		{8FAB91AB-77EA-4450-ABEA-35947EDDF3ED}.Debug|Mixed Platforms.Build.0 = Debug|Any CPU
		{8FAB91AB-77EA-4450-ABEA-35947EDDF3ED}.Debug|x86.ActiveCfg = Debug|Any CPU
		{8FAB91AB-77EA-4450-ABEA-35947EDDF3ED}.Deploy|Any CPU.ActiveCfg = Debug|Any CPU
		{8FAB91AB-77EA-4450-ABEA-35947EDDF3ED}.Deploy|Any CPU.Build.0 = Debug|Any CPU
		{8FAB91AB-77EA-4450-ABEA-35947EDDF3ED}.Deploy|Mixed Platforms.ActiveCfg = Debug|Any CPU
		{8FAB91AB-77EA-4450-ABEA-35947EDDF3ED}.Deploy|Mixed Platforms.Build.0 = Debug|Any CPU
		{8FAB91AB-77EA-4450-ABEA-35947EDDF3ED}.Deploy|x86.ActiveCfg = Debug|Any CPU
		{8FAB91AB-77EA-4450-ABEA-35947EDDF3ED}.Release|Any CPU.ActiveCfg = Release|Any CPU
		{8FAB91AB-77EA-4450-ABEA-35947EDDF3ED}.Release|Any CPU.Build.0 = Release|Any CPU
		{8FAB91AB-77EA-4450-ABEA-35947EDDF3ED}.Release|Mixed Platforms.ActiveCfg = Release|Any CPU
		{8FAB91AB-77EA-4450-ABEA-35947EDDF3ED}.Release|Mixed Platforms.Build.0 = Release|Any CPU
		{8FAB91AB-77EA-4450-ABEA-35947EDDF3ED}.Release|x86.ActiveCfg = Release|Any CPU
		{D9D8A830-2EC8-40D9-A70C-3E7F350F6324}.Debug|Any CPU.ActiveCfg = Debug|Any CPU
		{D9D8A830-2EC8-40D9-A70C-3E7F350F6324}.Debug|Any CPU.Build.0 = Debug|Any CPU
		{D9D8A830-2EC8-40D9-A70C-3E7F350F6324}.Debug|Mixed Platforms.ActiveCfg = Debug|Any CPU
		{D9D8A830-2EC8-40D9-A70C-3E7F350F6324}.Debug|Mixed Platforms.Build.0 = Debug|Any CPU
		{D9D8A830-2EC8-40D9-A70C-3E7F350F6324}.Debug|x86.ActiveCfg = Debug|Any CPU
		{D9D8A830-2EC8-40D9-A70C-3E7F350F6324}.Deploy|Any CPU.ActiveCfg = Debug|Any CPU
		{D9D8A830-2EC8-40D9-A70C-3E7F350F6324}.Deploy|Any CPU.Build.0 = Debug|Any CPU
		{D9D8A830-2EC8-40D9-A70C-3E7F350F6324}.Deploy|Mixed Platforms.ActiveCfg = Debug|Any CPU
		{D9D8A830-2EC8-40D9-A70C-3E7F350F6324}.Deploy|Mixed Platforms.Build.0 = Debug|Any CPU
		{D9D8A830-2EC8-40D9-A70C-3E7F350F6324}.Deploy|x86.ActiveCfg = Debug|Any CPU
		{D9D8A830-2EC8-40D9-A70C-3E7F350F6324}.Release|Any CPU.ActiveCfg = Release|Any CPU
		{D9D8A830-2EC8-40D9-A70C-3E7F350F6324}.Release|Any CPU.Build.0 = Release|Any CPU
		{D9D8A830-2EC8-40D9-A70C-3E7F350F6324}.Release|Mixed Platforms.ActiveCfg = Release|Any CPU
		{D9D8A830-2EC8-40D9-A70C-3E7F350F6324}.Release|Mixed Platforms.Build.0 = Release|Any CPU
		{D9D8A830-2EC8-40D9-A70C-3E7F350F6324}.Release|x86.ActiveCfg = Release|Any CPU
		{738D5776-A102-4ADF-9D71-01133BE82572}.Debug|Any CPU.ActiveCfg = Debug|Any CPU
		{738D5776-A102-4ADF-9D71-01133BE82572}.Debug|Any CPU.Build.0 = Debug|Any CPU
		{738D5776-A102-4ADF-9D71-01133BE82572}.Debug|Mixed Platforms.ActiveCfg = Debug|Any CPU
		{738D5776-A102-4ADF-9D71-01133BE82572}.Debug|Mixed Platforms.Build.0 = Debug|Any CPU
		{738D5776-A102-4ADF-9D71-01133BE82572}.Debug|x86.ActiveCfg = Debug|Any CPU
		{738D5776-A102-4ADF-9D71-01133BE82572}.Deploy|Any CPU.ActiveCfg = Debug|Any CPU
		{738D5776-A102-4ADF-9D71-01133BE82572}.Deploy|Any CPU.Build.0 = Debug|Any CPU
		{738D5776-A102-4ADF-9D71-01133BE82572}.Deploy|Mixed Platforms.ActiveCfg = Debug|Any CPU
		{738D5776-A102-4ADF-9D71-01133BE82572}.Deploy|Mixed Platforms.Build.0 = Debug|Any CPU
		{738D5776-A102-4ADF-9D71-01133BE82572}.Deploy|x86.ActiveCfg = Debug|Any CPU
		{738D5776-A102-4ADF-9D71-01133BE82572}.Release|Any CPU.ActiveCfg = Release|Any CPU
		{738D5776-A102-4ADF-9D71-01133BE82572}.Release|Any CPU.Build.0 = Release|Any CPU
		{738D5776-A102-4ADF-9D71-01133BE82572}.Release|Mixed Platforms.ActiveCfg = Release|Any CPU
		{738D5776-A102-4ADF-9D71-01133BE82572}.Release|Mixed Platforms.Build.0 = Release|Any CPU
		{738D5776-A102-4ADF-9D71-01133BE82572}.Release|x86.ActiveCfg = Release|Any CPU
		{279A554B-D055-45EB-AA30-4275EA0101D4}.Debug|Any CPU.ActiveCfg = Debug|Any CPU
		{279A554B-D055-45EB-AA30-4275EA0101D4}.Debug|Any CPU.Build.0 = Debug|Any CPU
		{279A554B-D055-45EB-AA30-4275EA0101D4}.Debug|Mixed Platforms.ActiveCfg = Debug|Any CPU
		{279A554B-D055-45EB-AA30-4275EA0101D4}.Debug|Mixed Platforms.Build.0 = Debug|Any CPU
		{279A554B-D055-45EB-AA30-4275EA0101D4}.Debug|x86.ActiveCfg = Debug|Any CPU
		{279A554B-D055-45EB-AA30-4275EA0101D4}.Deploy|Any CPU.ActiveCfg = Debug|Any CPU
		{279A554B-D055-45EB-AA30-4275EA0101D4}.Deploy|Any CPU.Build.0 = Debug|Any CPU
		{279A554B-D055-45EB-AA30-4275EA0101D4}.Deploy|Mixed Platforms.ActiveCfg = Debug|Any CPU
		{279A554B-D055-45EB-AA30-4275EA0101D4}.Deploy|Mixed Platforms.Build.0 = Debug|Any CPU
		{279A554B-D055-45EB-AA30-4275EA0101D4}.Deploy|x86.ActiveCfg = Debug|Any CPU
		{279A554B-D055-45EB-AA30-4275EA0101D4}.Release|Any CPU.ActiveCfg = Release|Any CPU
		{279A554B-D055-45EB-AA30-4275EA0101D4}.Release|Any CPU.Build.0 = Release|Any CPU
		{279A554B-D055-45EB-AA30-4275EA0101D4}.Release|Mixed Platforms.ActiveCfg = Release|Any CPU
		{279A554B-D055-45EB-AA30-4275EA0101D4}.Release|Mixed Platforms.Build.0 = Release|Any CPU
		{279A554B-D055-45EB-AA30-4275EA0101D4}.Release|x86.ActiveCfg = Release|Any CPU
		{7CCB2316-8DC2-403C-9E85-4B0506027614}.Debug|Any CPU.ActiveCfg = Debug|Any CPU
		{7CCB2316-8DC2-403C-9E85-4B0506027614}.Debug|Any CPU.Build.0 = Debug|Any CPU
		{7CCB2316-8DC2-403C-9E85-4B0506027614}.Debug|Mixed Platforms.ActiveCfg = Debug|Any CPU
		{7CCB2316-8DC2-403C-9E85-4B0506027614}.Debug|Mixed Platforms.Build.0 = Debug|Any CPU
		{7CCB2316-8DC2-403C-9E85-4B0506027614}.Debug|x86.ActiveCfg = Debug|Any CPU
		{7CCB2316-8DC2-403C-9E85-4B0506027614}.Deploy|Any CPU.ActiveCfg = Debug|Any CPU
		{7CCB2316-8DC2-403C-9E85-4B0506027614}.Deploy|Any CPU.Build.0 = Debug|Any CPU
		{7CCB2316-8DC2-403C-9E85-4B0506027614}.Deploy|Mixed Platforms.ActiveCfg = Debug|Any CPU
		{7CCB2316-8DC2-403C-9E85-4B0506027614}.Deploy|Mixed Platforms.Build.0 = Debug|Any CPU
		{7CCB2316-8DC2-403C-9E85-4B0506027614}.Deploy|x86.ActiveCfg = Debug|Any CPU
		{7CCB2316-8DC2-403C-9E85-4B0506027614}.Release|Any CPU.ActiveCfg = Release|Any CPU
		{7CCB2316-8DC2-403C-9E85-4B0506027614}.Release|Any CPU.Build.0 = Release|Any CPU
		{7CCB2316-8DC2-403C-9E85-4B0506027614}.Release|Mixed Platforms.ActiveCfg = Release|Any CPU
		{7CCB2316-8DC2-403C-9E85-4B0506027614}.Release|Mixed Platforms.Build.0 = Release|Any CPU
		{7CCB2316-8DC2-403C-9E85-4B0506027614}.Release|x86.ActiveCfg = Release|Any CPU
		{371C666E-D2E2-4276-98F3-FBD813A7009C}.Debug|Any CPU.ActiveCfg = Debug|Any CPU
		{371C666E-D2E2-4276-98F3-FBD813A7009C}.Debug|Any CPU.Build.0 = Debug|Any CPU
		{371C666E-D2E2-4276-98F3-FBD813A7009C}.Debug|Mixed Platforms.ActiveCfg = Debug|Any CPU
		{371C666E-D2E2-4276-98F3-FBD813A7009C}.Debug|Mixed Platforms.Build.0 = Debug|Any CPU
		{371C666E-D2E2-4276-98F3-FBD813A7009C}.Debug|x86.ActiveCfg = Debug|Any CPU
		{371C666E-D2E2-4276-98F3-FBD813A7009C}.Deploy|Any CPU.ActiveCfg = Debug|Any CPU
		{371C666E-D2E2-4276-98F3-FBD813A7009C}.Deploy|Any CPU.Build.0 = Debug|Any CPU
		{371C666E-D2E2-4276-98F3-FBD813A7009C}.Deploy|Mixed Platforms.ActiveCfg = Debug|Any CPU
		{371C666E-D2E2-4276-98F3-FBD813A7009C}.Deploy|Mixed Platforms.Build.0 = Debug|Any CPU
		{371C666E-D2E2-4276-98F3-FBD813A7009C}.Deploy|x86.ActiveCfg = Debug|Any CPU
		{371C666E-D2E2-4276-98F3-FBD813A7009C}.Release|Any CPU.ActiveCfg = Release|Any CPU
		{371C666E-D2E2-4276-98F3-FBD813A7009C}.Release|Any CPU.Build.0 = Release|Any CPU
		{371C666E-D2E2-4276-98F3-FBD813A7009C}.Release|Mixed Platforms.ActiveCfg = Release|Any CPU
		{371C666E-D2E2-4276-98F3-FBD813A7009C}.Release|Mixed Platforms.Build.0 = Release|Any CPU
		{371C666E-D2E2-4276-98F3-FBD813A7009C}.Release|x86.ActiveCfg = Release|Any CPU
		{C051E08E-57D0-4CF4-A082-7BBE9B0963DF}.Debug|Any CPU.ActiveCfg = Debug|Any CPU
		{C051E08E-57D0-4CF4-A082-7BBE9B0963DF}.Debug|Any CPU.Build.0 = Debug|Any CPU
		{C051E08E-57D0-4CF4-A082-7BBE9B0963DF}.Debug|Mixed Platforms.ActiveCfg = Debug|Any CPU
		{C051E08E-57D0-4CF4-A082-7BBE9B0963DF}.Debug|Mixed Platforms.Build.0 = Debug|Any CPU
		{C051E08E-57D0-4CF4-A082-7BBE9B0963DF}.Debug|x86.ActiveCfg = Debug|Any CPU
		{C051E08E-57D0-4CF4-A082-7BBE9B0963DF}.Deploy|Any CPU.ActiveCfg = Debug|Any CPU
		{C051E08E-57D0-4CF4-A082-7BBE9B0963DF}.Deploy|Any CPU.Build.0 = Debug|Any CPU
		{C051E08E-57D0-4CF4-A082-7BBE9B0963DF}.Deploy|Mixed Platforms.ActiveCfg = Debug|Any CPU
		{C051E08E-57D0-4CF4-A082-7BBE9B0963DF}.Deploy|Mixed Platforms.Build.0 = Debug|Any CPU
		{C051E08E-57D0-4CF4-A082-7BBE9B0963DF}.Deploy|x86.ActiveCfg = Debug|Any CPU
		{C051E08E-57D0-4CF4-A082-7BBE9B0963DF}.Release|Any CPU.ActiveCfg = Release|Any CPU
		{C051E08E-57D0-4CF4-A082-7BBE9B0963DF}.Release|Any CPU.Build.0 = Release|Any CPU
		{C051E08E-57D0-4CF4-A082-7BBE9B0963DF}.Release|Mixed Platforms.ActiveCfg = Release|Any CPU
		{C051E08E-57D0-4CF4-A082-7BBE9B0963DF}.Release|Mixed Platforms.Build.0 = Release|Any CPU
		{C051E08E-57D0-4CF4-A082-7BBE9B0963DF}.Release|x86.ActiveCfg = Release|Any CPU
		{D6500AB8-AD06-4C74-9C52-1DCF479C0D2D}.Debug|Any CPU.ActiveCfg = Debug|Any CPU
		{D6500AB8-AD06-4C74-9C52-1DCF479C0D2D}.Debug|Any CPU.Build.0 = Debug|Any CPU
		{D6500AB8-AD06-4C74-9C52-1DCF479C0D2D}.Debug|Mixed Platforms.ActiveCfg = Debug|Any CPU
		{D6500AB8-AD06-4C74-9C52-1DCF479C0D2D}.Debug|Mixed Platforms.Build.0 = Debug|Any CPU
		{D6500AB8-AD06-4C74-9C52-1DCF479C0D2D}.Debug|x86.ActiveCfg = Debug|Any CPU
		{D6500AB8-AD06-4C74-9C52-1DCF479C0D2D}.Deploy|Any CPU.ActiveCfg = Debug|Any CPU
		{D6500AB8-AD06-4C74-9C52-1DCF479C0D2D}.Deploy|Any CPU.Build.0 = Debug|Any CPU
		{D6500AB8-AD06-4C74-9C52-1DCF479C0D2D}.Deploy|Mixed Platforms.ActiveCfg = Debug|Any CPU
		{D6500AB8-AD06-4C74-9C52-1DCF479C0D2D}.Deploy|Mixed Platforms.Build.0 = Debug|Any CPU
		{D6500AB8-AD06-4C74-9C52-1DCF479C0D2D}.Deploy|x86.ActiveCfg = Debug|Any CPU
		{D6500AB8-AD06-4C74-9C52-1DCF479C0D2D}.Release|Any CPU.ActiveCfg = Release|Any CPU
		{D6500AB8-AD06-4C74-9C52-1DCF479C0D2D}.Release|Any CPU.Build.0 = Release|Any CPU
		{D6500AB8-AD06-4C74-9C52-1DCF479C0D2D}.Release|Mixed Platforms.ActiveCfg = Release|Any CPU
		{D6500AB8-AD06-4C74-9C52-1DCF479C0D2D}.Release|Mixed Platforms.Build.0 = Release|Any CPU
		{D6500AB8-AD06-4C74-9C52-1DCF479C0D2D}.Release|x86.ActiveCfg = Release|Any CPU
		{50A49079-C0A0-43B9-AE1D-18595E417A8C}.Debug|Any CPU.ActiveCfg = Debug|Any CPU
		{50A49079-C0A0-43B9-AE1D-18595E417A8C}.Debug|Any CPU.Build.0 = Debug|Any CPU
		{50A49079-C0A0-43B9-AE1D-18595E417A8C}.Debug|Mixed Platforms.ActiveCfg = Debug|Any CPU
		{50A49079-C0A0-43B9-AE1D-18595E417A8C}.Debug|Mixed Platforms.Build.0 = Debug|Any CPU
		{50A49079-C0A0-43B9-AE1D-18595E417A8C}.Debug|x86.ActiveCfg = Debug|Any CPU
		{50A49079-C0A0-43B9-AE1D-18595E417A8C}.Deploy|Any CPU.ActiveCfg = Debug|Any CPU
		{50A49079-C0A0-43B9-AE1D-18595E417A8C}.Deploy|Any CPU.Build.0 = Debug|Any CPU
		{50A49079-C0A0-43B9-AE1D-18595E417A8C}.Deploy|Mixed Platforms.ActiveCfg = Debug|Any CPU
		{50A49079-C0A0-43B9-AE1D-18595E417A8C}.Deploy|Mixed Platforms.Build.0 = Debug|Any CPU
		{50A49079-C0A0-43B9-AE1D-18595E417A8C}.Deploy|x86.ActiveCfg = Debug|Any CPU
		{50A49079-C0A0-43B9-AE1D-18595E417A8C}.Release|Any CPU.ActiveCfg = Release|Any CPU
		{50A49079-C0A0-43B9-AE1D-18595E417A8C}.Release|Any CPU.Build.0 = Release|Any CPU
		{50A49079-C0A0-43B9-AE1D-18595E417A8C}.Release|Mixed Platforms.ActiveCfg = Release|Any CPU
		{50A49079-C0A0-43B9-AE1D-18595E417A8C}.Release|Mixed Platforms.Build.0 = Release|Any CPU
		{50A49079-C0A0-43B9-AE1D-18595E417A8C}.Release|x86.ActiveCfg = Release|Any CPU
		{817C4295-2EA0-4847-AB91-536B29B9FFA4}.Debug|Any CPU.ActiveCfg = Debug|Any CPU
		{817C4295-2EA0-4847-AB91-536B29B9FFA4}.Debug|Any CPU.Build.0 = Debug|Any CPU
		{817C4295-2EA0-4847-AB91-536B29B9FFA4}.Debug|Mixed Platforms.ActiveCfg = Debug|Any CPU
		{817C4295-2EA0-4847-AB91-536B29B9FFA4}.Debug|Mixed Platforms.Build.0 = Debug|Any CPU
		{817C4295-2EA0-4847-AB91-536B29B9FFA4}.Debug|x86.ActiveCfg = Debug|Any CPU
		{817C4295-2EA0-4847-AB91-536B29B9FFA4}.Deploy|Any CPU.ActiveCfg = Debug|Any CPU
		{817C4295-2EA0-4847-AB91-536B29B9FFA4}.Deploy|Any CPU.Build.0 = Debug|Any CPU
		{817C4295-2EA0-4847-AB91-536B29B9FFA4}.Deploy|Mixed Platforms.ActiveCfg = Debug|Any CPU
		{817C4295-2EA0-4847-AB91-536B29B9FFA4}.Deploy|Mixed Platforms.Build.0 = Debug|Any CPU
		{817C4295-2EA0-4847-AB91-536B29B9FFA4}.Deploy|x86.ActiveCfg = Debug|Any CPU
		{817C4295-2EA0-4847-AB91-536B29B9FFA4}.Release|Any CPU.ActiveCfg = Release|Any CPU
		{817C4295-2EA0-4847-AB91-536B29B9FFA4}.Release|Any CPU.Build.0 = Release|Any CPU
		{817C4295-2EA0-4847-AB91-536B29B9FFA4}.Release|Mixed Platforms.ActiveCfg = Release|Any CPU
		{817C4295-2EA0-4847-AB91-536B29B9FFA4}.Release|Mixed Platforms.Build.0 = Release|Any CPU
		{817C4295-2EA0-4847-AB91-536B29B9FFA4}.Release|x86.ActiveCfg = Release|Any CPU
		{F3B19182-875D-4429-8AC0-94BB6F09FBCB}.Debug|Any CPU.ActiveCfg = Debug|Any CPU
		{F3B19182-875D-4429-8AC0-94BB6F09FBCB}.Debug|Any CPU.Build.0 = Debug|Any CPU
		{F3B19182-875D-4429-8AC0-94BB6F09FBCB}.Debug|Mixed Platforms.ActiveCfg = Debug|Any CPU
		{F3B19182-875D-4429-8AC0-94BB6F09FBCB}.Debug|Mixed Platforms.Build.0 = Debug|Any CPU
		{F3B19182-875D-4429-8AC0-94BB6F09FBCB}.Debug|x86.ActiveCfg = Debug|Any CPU
		{F3B19182-875D-4429-8AC0-94BB6F09FBCB}.Deploy|Any CPU.ActiveCfg = Debug|Any CPU
		{F3B19182-875D-4429-8AC0-94BB6F09FBCB}.Deploy|Any CPU.Build.0 = Debug|Any CPU
		{F3B19182-875D-4429-8AC0-94BB6F09FBCB}.Deploy|Mixed Platforms.ActiveCfg = Debug|Any CPU
		{F3B19182-875D-4429-8AC0-94BB6F09FBCB}.Deploy|Mixed Platforms.Build.0 = Debug|Any CPU
		{F3B19182-875D-4429-8AC0-94BB6F09FBCB}.Deploy|x86.ActiveCfg = Debug|Any CPU
		{F3B19182-875D-4429-8AC0-94BB6F09FBCB}.Release|Any CPU.ActiveCfg = Release|Any CPU
		{F3B19182-875D-4429-8AC0-94BB6F09FBCB}.Release|Any CPU.Build.0 = Release|Any CPU
		{F3B19182-875D-4429-8AC0-94BB6F09FBCB}.Release|Mixed Platforms.ActiveCfg = Release|Any CPU
		{F3B19182-875D-4429-8AC0-94BB6F09FBCB}.Release|Mixed Platforms.Build.0 = Release|Any CPU
		{F3B19182-875D-4429-8AC0-94BB6F09FBCB}.Release|x86.ActiveCfg = Release|Any CPU
		{B4F0D3BA-5C30-4C6A-A78A-5D802D43F944}.Debug|Any CPU.ActiveCfg = Debug|Any CPU
		{B4F0D3BA-5C30-4C6A-A78A-5D802D43F944}.Debug|Any CPU.Build.0 = Debug|Any CPU
		{B4F0D3BA-5C30-4C6A-A78A-5D802D43F944}.Debug|Mixed Platforms.ActiveCfg = Debug|Any CPU
		{B4F0D3BA-5C30-4C6A-A78A-5D802D43F944}.Debug|Mixed Platforms.Build.0 = Debug|Any CPU
		{B4F0D3BA-5C30-4C6A-A78A-5D802D43F944}.Debug|x86.ActiveCfg = Debug|Any CPU
		{B4F0D3BA-5C30-4C6A-A78A-5D802D43F944}.Deploy|Any CPU.ActiveCfg = Debug|Any CPU
		{B4F0D3BA-5C30-4C6A-A78A-5D802D43F944}.Deploy|Any CPU.Build.0 = Debug|Any CPU
		{B4F0D3BA-5C30-4C6A-A78A-5D802D43F944}.Deploy|Mixed Platforms.ActiveCfg = Debug|Any CPU
		{B4F0D3BA-5C30-4C6A-A78A-5D802D43F944}.Deploy|Mixed Platforms.Build.0 = Debug|Any CPU
		{B4F0D3BA-5C30-4C6A-A78A-5D802D43F944}.Deploy|x86.ActiveCfg = Debug|Any CPU
		{B4F0D3BA-5C30-4C6A-A78A-5D802D43F944}.Release|Any CPU.ActiveCfg = Release|Any CPU
		{B4F0D3BA-5C30-4C6A-A78A-5D802D43F944}.Release|Any CPU.Build.0 = Release|Any CPU
		{B4F0D3BA-5C30-4C6A-A78A-5D802D43F944}.Release|Mixed Platforms.ActiveCfg = Release|Any CPU
		{B4F0D3BA-5C30-4C6A-A78A-5D802D43F944}.Release|Mixed Platforms.Build.0 = Release|Any CPU
		{B4F0D3BA-5C30-4C6A-A78A-5D802D43F944}.Release|x86.ActiveCfg = Release|Any CPU
		{035A2CBD-2566-4DA6-BECE-7428592F0770}.Debug|Any CPU.ActiveCfg = Debug|Any CPU
		{035A2CBD-2566-4DA6-BECE-7428592F0770}.Debug|Any CPU.Build.0 = Debug|Any CPU
		{035A2CBD-2566-4DA6-BECE-7428592F0770}.Debug|Mixed Platforms.ActiveCfg = Debug|Any CPU
		{035A2CBD-2566-4DA6-BECE-7428592F0770}.Debug|Mixed Platforms.Build.0 = Debug|Any CPU
		{035A2CBD-2566-4DA6-BECE-7428592F0770}.Debug|x86.ActiveCfg = Debug|Any CPU
		{035A2CBD-2566-4DA6-BECE-7428592F0770}.Deploy|Any CPU.ActiveCfg = Debug|Any CPU
		{035A2CBD-2566-4DA6-BECE-7428592F0770}.Deploy|Any CPU.Build.0 = Debug|Any CPU
		{035A2CBD-2566-4DA6-BECE-7428592F0770}.Deploy|Mixed Platforms.ActiveCfg = Debug|Any CPU
		{035A2CBD-2566-4DA6-BECE-7428592F0770}.Deploy|Mixed Platforms.Build.0 = Debug|Any CPU
		{035A2CBD-2566-4DA6-BECE-7428592F0770}.Deploy|x86.ActiveCfg = Debug|Any CPU
		{035A2CBD-2566-4DA6-BECE-7428592F0770}.Release|Any CPU.ActiveCfg = Release|Any CPU
		{035A2CBD-2566-4DA6-BECE-7428592F0770}.Release|Any CPU.Build.0 = Release|Any CPU
		{035A2CBD-2566-4DA6-BECE-7428592F0770}.Release|Mixed Platforms.ActiveCfg = Release|Any CPU
		{035A2CBD-2566-4DA6-BECE-7428592F0770}.Release|Mixed Platforms.Build.0 = Release|Any CPU
		{035A2CBD-2566-4DA6-BECE-7428592F0770}.Release|x86.ActiveCfg = Release|Any CPU
		{AC9ECF0D-6AC3-4CD6-8E3B-E1892A45978A}.Debug|Any CPU.ActiveCfg = Debug|Any CPU
		{AC9ECF0D-6AC3-4CD6-8E3B-E1892A45978A}.Debug|Any CPU.Build.0 = Debug|Any CPU
		{AC9ECF0D-6AC3-4CD6-8E3B-E1892A45978A}.Debug|Mixed Platforms.ActiveCfg = Debug|Any CPU
		{AC9ECF0D-6AC3-4CD6-8E3B-E1892A45978A}.Debug|Mixed Platforms.Build.0 = Debug|Any CPU
		{AC9ECF0D-6AC3-4CD6-8E3B-E1892A45978A}.Debug|x86.ActiveCfg = Debug|Any CPU
		{AC9ECF0D-6AC3-4CD6-8E3B-E1892A45978A}.Deploy|Any CPU.ActiveCfg = Debug|Any CPU
		{AC9ECF0D-6AC3-4CD6-8E3B-E1892A45978A}.Deploy|Any CPU.Build.0 = Debug|Any CPU
		{AC9ECF0D-6AC3-4CD6-8E3B-E1892A45978A}.Deploy|Mixed Platforms.ActiveCfg = Debug|Any CPU
		{AC9ECF0D-6AC3-4CD6-8E3B-E1892A45978A}.Deploy|Mixed Platforms.Build.0 = Debug|Any CPU
		{AC9ECF0D-6AC3-4CD6-8E3B-E1892A45978A}.Deploy|x86.ActiveCfg = Debug|Any CPU
		{AC9ECF0D-6AC3-4CD6-8E3B-E1892A45978A}.Release|Any CPU.ActiveCfg = Release|Any CPU
		{AC9ECF0D-6AC3-4CD6-8E3B-E1892A45978A}.Release|Any CPU.Build.0 = Release|Any CPU
		{AC9ECF0D-6AC3-4CD6-8E3B-E1892A45978A}.Release|Mixed Platforms.ActiveCfg = Release|Any CPU
		{AC9ECF0D-6AC3-4CD6-8E3B-E1892A45978A}.Release|Mixed Platforms.Build.0 = Release|Any CPU
		{AC9ECF0D-6AC3-4CD6-8E3B-E1892A45978A}.Release|x86.ActiveCfg = Release|Any CPU
		{FD0888FB-855F-42CA-8505-12B029B2518B}.Debug|Any CPU.ActiveCfg = Debug|Any CPU
		{FD0888FB-855F-42CA-8505-12B029B2518B}.Debug|Any CPU.Build.0 = Debug|Any CPU
		{FD0888FB-855F-42CA-8505-12B029B2518B}.Debug|Mixed Platforms.ActiveCfg = Debug|Any CPU
		{FD0888FB-855F-42CA-8505-12B029B2518B}.Debug|Mixed Platforms.Build.0 = Debug|Any CPU
		{FD0888FB-855F-42CA-8505-12B029B2518B}.Debug|x86.ActiveCfg = Debug|Any CPU
		{FD0888FB-855F-42CA-8505-12B029B2518B}.Deploy|Any CPU.ActiveCfg = Debug|Any CPU
		{FD0888FB-855F-42CA-8505-12B029B2518B}.Deploy|Any CPU.Build.0 = Debug|Any CPU
		{FD0888FB-855F-42CA-8505-12B029B2518B}.Deploy|Mixed Platforms.ActiveCfg = Debug|Any CPU
		{FD0888FB-855F-42CA-8505-12B029B2518B}.Deploy|Mixed Platforms.Build.0 = Debug|Any CPU
		{FD0888FB-855F-42CA-8505-12B029B2518B}.Deploy|x86.ActiveCfg = Debug|Any CPU
		{FD0888FB-855F-42CA-8505-12B029B2518B}.Release|Any CPU.ActiveCfg = Release|Any CPU
		{FD0888FB-855F-42CA-8505-12B029B2518B}.Release|Any CPU.Build.0 = Release|Any CPU
		{FD0888FB-855F-42CA-8505-12B029B2518B}.Release|Mixed Platforms.ActiveCfg = Release|Any CPU
		{FD0888FB-855F-42CA-8505-12B029B2518B}.Release|Mixed Platforms.Build.0 = Release|Any CPU
		{FD0888FB-855F-42CA-8505-12B029B2518B}.Release|x86.ActiveCfg = Release|Any CPU
		{D1A57D7C-4FAC-44C1-BBB0-B77A0AB2DC53}.Debug|Any CPU.ActiveCfg = Debug|Any CPU
		{D1A57D7C-4FAC-44C1-BBB0-B77A0AB2DC53}.Debug|Any CPU.Build.0 = Debug|Any CPU
		{D1A57D7C-4FAC-44C1-BBB0-B77A0AB2DC53}.Debug|Mixed Platforms.ActiveCfg = Debug|Any CPU
		{D1A57D7C-4FAC-44C1-BBB0-B77A0AB2DC53}.Debug|Mixed Platforms.Build.0 = Debug|Any CPU
		{D1A57D7C-4FAC-44C1-BBB0-B77A0AB2DC53}.Debug|x86.ActiveCfg = Debug|Any CPU
		{D1A57D7C-4FAC-44C1-BBB0-B77A0AB2DC53}.Deploy|Any CPU.ActiveCfg = Debug|Any CPU
		{D1A57D7C-4FAC-44C1-BBB0-B77A0AB2DC53}.Deploy|Any CPU.Build.0 = Debug|Any CPU
		{D1A57D7C-4FAC-44C1-BBB0-B77A0AB2DC53}.Deploy|Mixed Platforms.ActiveCfg = Debug|Any CPU
		{D1A57D7C-4FAC-44C1-BBB0-B77A0AB2DC53}.Deploy|Mixed Platforms.Build.0 = Debug|Any CPU
		{D1A57D7C-4FAC-44C1-BBB0-B77A0AB2DC53}.Deploy|x86.ActiveCfg = Debug|Any CPU
		{D1A57D7C-4FAC-44C1-BBB0-B77A0AB2DC53}.Release|Any CPU.ActiveCfg = Release|Any CPU
		{D1A57D7C-4FAC-44C1-BBB0-B77A0AB2DC53}.Release|Any CPU.Build.0 = Release|Any CPU
		{D1A57D7C-4FAC-44C1-BBB0-B77A0AB2DC53}.Release|Mixed Platforms.ActiveCfg = Release|Any CPU
		{D1A57D7C-4FAC-44C1-BBB0-B77A0AB2DC53}.Release|Mixed Platforms.Build.0 = Release|Any CPU
		{D1A57D7C-4FAC-44C1-BBB0-B77A0AB2DC53}.Release|x86.ActiveCfg = Release|Any CPU
		{96827823-157A-4B95-A28E-FB3526ABE762}.Debug|Any CPU.ActiveCfg = Debug|Any CPU
		{96827823-157A-4B95-A28E-FB3526ABE762}.Debug|Any CPU.Build.0 = Debug|Any CPU
		{96827823-157A-4B95-A28E-FB3526ABE762}.Debug|Mixed Platforms.ActiveCfg = Debug|Any CPU
		{96827823-157A-4B95-A28E-FB3526ABE762}.Debug|Mixed Platforms.Build.0 = Debug|Any CPU
		{96827823-157A-4B95-A28E-FB3526ABE762}.Debug|x86.ActiveCfg = Debug|Any CPU
		{96827823-157A-4B95-A28E-FB3526ABE762}.Deploy|Any CPU.ActiveCfg = Debug|Any CPU
		{96827823-157A-4B95-A28E-FB3526ABE762}.Deploy|Any CPU.Build.0 = Debug|Any CPU
		{96827823-157A-4B95-A28E-FB3526ABE762}.Deploy|Mixed Platforms.ActiveCfg = Debug|Any CPU
		{96827823-157A-4B95-A28E-FB3526ABE762}.Deploy|Mixed Platforms.Build.0 = Debug|Any CPU
		{96827823-157A-4B95-A28E-FB3526ABE762}.Deploy|x86.ActiveCfg = Debug|Any CPU
		{96827823-157A-4B95-A28E-FB3526ABE762}.Release|Any CPU.ActiveCfg = Release|Any CPU
		{96827823-157A-4B95-A28E-FB3526ABE762}.Release|Any CPU.Build.0 = Release|Any CPU
		{96827823-157A-4B95-A28E-FB3526ABE762}.Release|Mixed Platforms.ActiveCfg = Release|Any CPU
		{96827823-157A-4B95-A28E-FB3526ABE762}.Release|Mixed Platforms.Build.0 = Release|Any CPU
		{96827823-157A-4B95-A28E-FB3526ABE762}.Release|x86.ActiveCfg = Release|Any CPU
		{9E4383C2-81C7-4218-AE10-01C5B8D57D76}.Debug|Any CPU.ActiveCfg = Debug|Any CPU
		{9E4383C2-81C7-4218-AE10-01C5B8D57D76}.Debug|Any CPU.Build.0 = Debug|Any CPU
		{9E4383C2-81C7-4218-AE10-01C5B8D57D76}.Debug|Mixed Platforms.ActiveCfg = Debug|Any CPU
		{9E4383C2-81C7-4218-AE10-01C5B8D57D76}.Debug|Mixed Platforms.Build.0 = Debug|Any CPU
		{9E4383C2-81C7-4218-AE10-01C5B8D57D76}.Debug|x86.ActiveCfg = Debug|Any CPU
		{9E4383C2-81C7-4218-AE10-01C5B8D57D76}.Deploy|Any CPU.ActiveCfg = Debug|Any CPU
		{9E4383C2-81C7-4218-AE10-01C5B8D57D76}.Deploy|Any CPU.Build.0 = Debug|Any CPU
		{9E4383C2-81C7-4218-AE10-01C5B8D57D76}.Deploy|Mixed Platforms.ActiveCfg = Debug|Any CPU
		{9E4383C2-81C7-4218-AE10-01C5B8D57D76}.Deploy|Mixed Platforms.Build.0 = Debug|Any CPU
		{9E4383C2-81C7-4218-AE10-01C5B8D57D76}.Deploy|x86.ActiveCfg = Debug|Any CPU
		{9E4383C2-81C7-4218-AE10-01C5B8D57D76}.Release|Any CPU.ActiveCfg = Release|Any CPU
		{9E4383C2-81C7-4218-AE10-01C5B8D57D76}.Release|Any CPU.Build.0 = Release|Any CPU
		{9E4383C2-81C7-4218-AE10-01C5B8D57D76}.Release|Mixed Platforms.ActiveCfg = Release|Any CPU
		{9E4383C2-81C7-4218-AE10-01C5B8D57D76}.Release|Mixed Platforms.Build.0 = Release|Any CPU
		{9E4383C2-81C7-4218-AE10-01C5B8D57D76}.Release|x86.ActiveCfg = Release|Any CPU
		{3A21B623-72EC-4F2C-AD13-AE0966DD4B8B}.Debug|Any CPU.ActiveCfg = Debug|Any CPU
		{3A21B623-72EC-4F2C-AD13-AE0966DD4B8B}.Debug|Any CPU.Build.0 = Debug|Any CPU
		{3A21B623-72EC-4F2C-AD13-AE0966DD4B8B}.Debug|Mixed Platforms.ActiveCfg = Debug|Any CPU
		{3A21B623-72EC-4F2C-AD13-AE0966DD4B8B}.Debug|Mixed Platforms.Build.0 = Debug|Any CPU
		{3A21B623-72EC-4F2C-AD13-AE0966DD4B8B}.Debug|x86.ActiveCfg = Debug|Any CPU
		{3A21B623-72EC-4F2C-AD13-AE0966DD4B8B}.Deploy|Any CPU.ActiveCfg = Debug|Any CPU
		{3A21B623-72EC-4F2C-AD13-AE0966DD4B8B}.Deploy|Any CPU.Build.0 = Debug|Any CPU
		{3A21B623-72EC-4F2C-AD13-AE0966DD4B8B}.Deploy|Mixed Platforms.ActiveCfg = Debug|Any CPU
		{3A21B623-72EC-4F2C-AD13-AE0966DD4B8B}.Deploy|Mixed Platforms.Build.0 = Debug|Any CPU
		{3A21B623-72EC-4F2C-AD13-AE0966DD4B8B}.Deploy|x86.ActiveCfg = Debug|Any CPU
		{3A21B623-72EC-4F2C-AD13-AE0966DD4B8B}.Release|Any CPU.ActiveCfg = Release|Any CPU
		{3A21B623-72EC-4F2C-AD13-AE0966DD4B8B}.Release|Any CPU.Build.0 = Release|Any CPU
		{3A21B623-72EC-4F2C-AD13-AE0966DD4B8B}.Release|Mixed Platforms.ActiveCfg = Release|Any CPU
		{3A21B623-72EC-4F2C-AD13-AE0966DD4B8B}.Release|Mixed Platforms.Build.0 = Release|Any CPU
		{3A21B623-72EC-4F2C-AD13-AE0966DD4B8B}.Release|x86.ActiveCfg = Release|Any CPU
		{564A66B7-C88A-4653-B566-89140851F6E3}.Debug|Any CPU.ActiveCfg = Debug|Any CPU
		{564A66B7-C88A-4653-B566-89140851F6E3}.Debug|Any CPU.Build.0 = Debug|Any CPU
		{564A66B7-C88A-4653-B566-89140851F6E3}.Debug|Mixed Platforms.ActiveCfg = Debug|Any CPU
		{564A66B7-C88A-4653-B566-89140851F6E3}.Debug|Mixed Platforms.Build.0 = Debug|Any CPU
		{564A66B7-C88A-4653-B566-89140851F6E3}.Debug|x86.ActiveCfg = Debug|Any CPU
		{564A66B7-C88A-4653-B566-89140851F6E3}.Deploy|Any CPU.ActiveCfg = Debug|Any CPU
		{564A66B7-C88A-4653-B566-89140851F6E3}.Deploy|Any CPU.Build.0 = Debug|Any CPU
		{564A66B7-C88A-4653-B566-89140851F6E3}.Deploy|Mixed Platforms.ActiveCfg = Debug|Any CPU
		{564A66B7-C88A-4653-B566-89140851F6E3}.Deploy|Mixed Platforms.Build.0 = Debug|Any CPU
		{564A66B7-C88A-4653-B566-89140851F6E3}.Deploy|x86.ActiveCfg = Debug|Any CPU
		{564A66B7-C88A-4653-B566-89140851F6E3}.Release|Any CPU.ActiveCfg = Release|Any CPU
		{564A66B7-C88A-4653-B566-89140851F6E3}.Release|Any CPU.Build.0 = Release|Any CPU
		{564A66B7-C88A-4653-B566-89140851F6E3}.Release|Mixed Platforms.ActiveCfg = Release|Any CPU
		{564A66B7-C88A-4653-B566-89140851F6E3}.Release|Mixed Platforms.Build.0 = Release|Any CPU
		{564A66B7-C88A-4653-B566-89140851F6E3}.Release|x86.ActiveCfg = Release|Any CPU
		{29E1B1EE-E587-4694-97C7-BF98ABE59DC0}.Debug|Any CPU.ActiveCfg = Debug|Any CPU
		{29E1B1EE-E587-4694-97C7-BF98ABE59DC0}.Debug|Any CPU.Build.0 = Debug|Any CPU
		{29E1B1EE-E587-4694-97C7-BF98ABE59DC0}.Debug|Mixed Platforms.ActiveCfg = Debug|Any CPU
		{29E1B1EE-E587-4694-97C7-BF98ABE59DC0}.Debug|Mixed Platforms.Build.0 = Debug|Any CPU
		{29E1B1EE-E587-4694-97C7-BF98ABE59DC0}.Debug|x86.ActiveCfg = Debug|Any CPU
		{29E1B1EE-E587-4694-97C7-BF98ABE59DC0}.Deploy|Any CPU.ActiveCfg = Debug|Any CPU
		{29E1B1EE-E587-4694-97C7-BF98ABE59DC0}.Deploy|Any CPU.Build.0 = Debug|Any CPU
		{29E1B1EE-E587-4694-97C7-BF98ABE59DC0}.Deploy|Mixed Platforms.ActiveCfg = Debug|Any CPU
		{29E1B1EE-E587-4694-97C7-BF98ABE59DC0}.Deploy|Mixed Platforms.Build.0 = Debug|Any CPU
		{29E1B1EE-E587-4694-97C7-BF98ABE59DC0}.Deploy|x86.ActiveCfg = Debug|Any CPU
		{29E1B1EE-E587-4694-97C7-BF98ABE59DC0}.Release|Any CPU.ActiveCfg = Release|Any CPU
		{29E1B1EE-E587-4694-97C7-BF98ABE59DC0}.Release|Any CPU.Build.0 = Release|Any CPU
		{29E1B1EE-E587-4694-97C7-BF98ABE59DC0}.Release|Mixed Platforms.ActiveCfg = Release|Any CPU
		{29E1B1EE-E587-4694-97C7-BF98ABE59DC0}.Release|Mixed Platforms.Build.0 = Release|Any CPU
		{29E1B1EE-E587-4694-97C7-BF98ABE59DC0}.Release|x86.ActiveCfg = Release|Any CPU
		{B788D862-15C5-4F6B-9403-DBD27A0D6730}.Debug|Any CPU.ActiveCfg = Debug|Any CPU
		{B788D862-15C5-4F6B-9403-DBD27A0D6730}.Debug|Any CPU.Build.0 = Debug|Any CPU
		{B788D862-15C5-4F6B-9403-DBD27A0D6730}.Debug|Mixed Platforms.ActiveCfg = Debug|Any CPU
		{B788D862-15C5-4F6B-9403-DBD27A0D6730}.Debug|Mixed Platforms.Build.0 = Debug|Any CPU
		{B788D862-15C5-4F6B-9403-DBD27A0D6730}.Debug|x86.ActiveCfg = Debug|Any CPU
		{B788D862-15C5-4F6B-9403-DBD27A0D6730}.Deploy|Any CPU.ActiveCfg = Debug|Any CPU
		{B788D862-15C5-4F6B-9403-DBD27A0D6730}.Deploy|Any CPU.Build.0 = Debug|Any CPU
		{B788D862-15C5-4F6B-9403-DBD27A0D6730}.Deploy|Mixed Platforms.ActiveCfg = Debug|Any CPU
		{B788D862-15C5-4F6B-9403-DBD27A0D6730}.Deploy|Mixed Platforms.Build.0 = Debug|Any CPU
		{B788D862-15C5-4F6B-9403-DBD27A0D6730}.Deploy|x86.ActiveCfg = Debug|Any CPU
		{B788D862-15C5-4F6B-9403-DBD27A0D6730}.Release|Any CPU.ActiveCfg = Release|Any CPU
		{B788D862-15C5-4F6B-9403-DBD27A0D6730}.Release|Any CPU.Build.0 = Release|Any CPU
		{B788D862-15C5-4F6B-9403-DBD27A0D6730}.Release|Mixed Platforms.ActiveCfg = Release|Any CPU
		{B788D862-15C5-4F6B-9403-DBD27A0D6730}.Release|Mixed Platforms.Build.0 = Release|Any CPU
		{B788D862-15C5-4F6B-9403-DBD27A0D6730}.Release|x86.ActiveCfg = Release|Any CPU
		{F532F697-69CC-4A4F-B2AE-6E6DF16AF9F0}.Debug|Any CPU.ActiveCfg = Debug|Any CPU
		{F532F697-69CC-4A4F-B2AE-6E6DF16AF9F0}.Debug|Any CPU.Build.0 = Debug|Any CPU
		{F532F697-69CC-4A4F-B2AE-6E6DF16AF9F0}.Debug|Mixed Platforms.ActiveCfg = Debug|Any CPU
		{F532F697-69CC-4A4F-B2AE-6E6DF16AF9F0}.Debug|Mixed Platforms.Build.0 = Debug|Any CPU
		{F532F697-69CC-4A4F-B2AE-6E6DF16AF9F0}.Debug|x86.ActiveCfg = Debug|Any CPU
		{F532F697-69CC-4A4F-B2AE-6E6DF16AF9F0}.Deploy|Any CPU.ActiveCfg = Debug|Any CPU
		{F532F697-69CC-4A4F-B2AE-6E6DF16AF9F0}.Deploy|Any CPU.Build.0 = Debug|Any CPU
		{F532F697-69CC-4A4F-B2AE-6E6DF16AF9F0}.Deploy|Mixed Platforms.ActiveCfg = Debug|Any CPU
		{F532F697-69CC-4A4F-B2AE-6E6DF16AF9F0}.Deploy|Mixed Platforms.Build.0 = Debug|Any CPU
		{F532F697-69CC-4A4F-B2AE-6E6DF16AF9F0}.Deploy|x86.ActiveCfg = Debug|Any CPU
		{F532F697-69CC-4A4F-B2AE-6E6DF16AF9F0}.Release|Any CPU.ActiveCfg = Release|Any CPU
		{F532F697-69CC-4A4F-B2AE-6E6DF16AF9F0}.Release|Any CPU.Build.0 = Release|Any CPU
		{F532F697-69CC-4A4F-B2AE-6E6DF16AF9F0}.Release|Mixed Platforms.ActiveCfg = Release|Any CPU
		{F532F697-69CC-4A4F-B2AE-6E6DF16AF9F0}.Release|Mixed Platforms.Build.0 = Release|Any CPU
		{F532F697-69CC-4A4F-B2AE-6E6DF16AF9F0}.Release|x86.ActiveCfg = Release|Any CPU
		{1E45053D-BCD4-41CD-A423-DB1C775D2F3C}.Debug|Any CPU.ActiveCfg = Debug|Any CPU
		{1E45053D-BCD4-41CD-A423-DB1C775D2F3C}.Debug|Any CPU.Build.0 = Debug|Any CPU
		{1E45053D-BCD4-41CD-A423-DB1C775D2F3C}.Debug|Mixed Platforms.ActiveCfg = Debug|Any CPU
		{1E45053D-BCD4-41CD-A423-DB1C775D2F3C}.Debug|Mixed Platforms.Build.0 = Debug|Any CPU
		{1E45053D-BCD4-41CD-A423-DB1C775D2F3C}.Debug|x86.ActiveCfg = Debug|Any CPU
		{1E45053D-BCD4-41CD-A423-DB1C775D2F3C}.Deploy|Any CPU.ActiveCfg = Debug|Any CPU
		{1E45053D-BCD4-41CD-A423-DB1C775D2F3C}.Deploy|Any CPU.Build.0 = Debug|Any CPU
		{1E45053D-BCD4-41CD-A423-DB1C775D2F3C}.Deploy|Mixed Platforms.ActiveCfg = Debug|Any CPU
		{1E45053D-BCD4-41CD-A423-DB1C775D2F3C}.Deploy|Mixed Platforms.Build.0 = Debug|Any CPU
		{1E45053D-BCD4-41CD-A423-DB1C775D2F3C}.Deploy|x86.ActiveCfg = Debug|Any CPU
		{1E45053D-BCD4-41CD-A423-DB1C775D2F3C}.Release|Any CPU.ActiveCfg = Release|Any CPU
		{1E45053D-BCD4-41CD-A423-DB1C775D2F3C}.Release|Any CPU.Build.0 = Release|Any CPU
		{1E45053D-BCD4-41CD-A423-DB1C775D2F3C}.Release|Mixed Platforms.ActiveCfg = Release|Any CPU
		{1E45053D-BCD4-41CD-A423-DB1C775D2F3C}.Release|Mixed Platforms.Build.0 = Release|Any CPU
		{1E45053D-BCD4-41CD-A423-DB1C775D2F3C}.Release|x86.ActiveCfg = Release|Any CPU
		{947BE98F-7662-49F9-A964-E5264B5613AF}.Debug|Any CPU.ActiveCfg = Debug|Any CPU
		{947BE98F-7662-49F9-A964-E5264B5613AF}.Debug|Any CPU.Build.0 = Debug|Any CPU
		{947BE98F-7662-49F9-A964-E5264B5613AF}.Debug|Mixed Platforms.ActiveCfg = Debug|Any CPU
		{947BE98F-7662-49F9-A964-E5264B5613AF}.Debug|Mixed Platforms.Build.0 = Debug|Any CPU
		{947BE98F-7662-49F9-A964-E5264B5613AF}.Debug|x86.ActiveCfg = Debug|Any CPU
		{947BE98F-7662-49F9-A964-E5264B5613AF}.Deploy|Any CPU.ActiveCfg = Debug|Any CPU
		{947BE98F-7662-49F9-A964-E5264B5613AF}.Deploy|Any CPU.Build.0 = Debug|Any CPU
		{947BE98F-7662-49F9-A964-E5264B5613AF}.Deploy|Mixed Platforms.ActiveCfg = Debug|Any CPU
		{947BE98F-7662-49F9-A964-E5264B5613AF}.Deploy|Mixed Platforms.Build.0 = Debug|Any CPU
		{947BE98F-7662-49F9-A964-E5264B5613AF}.Deploy|x86.ActiveCfg = Debug|Any CPU
		{947BE98F-7662-49F9-A964-E5264B5613AF}.Release|Any CPU.ActiveCfg = Release|Any CPU
		{947BE98F-7662-49F9-A964-E5264B5613AF}.Release|Any CPU.Build.0 = Release|Any CPU
		{947BE98F-7662-49F9-A964-E5264B5613AF}.Release|Mixed Platforms.ActiveCfg = Release|Any CPU
		{947BE98F-7662-49F9-A964-E5264B5613AF}.Release|Mixed Platforms.Build.0 = Release|Any CPU
		{947BE98F-7662-49F9-A964-E5264B5613AF}.Release|x86.ActiveCfg = Release|Any CPU
		{D413B522-397B-4972-A7B0-1AB63264BF5D}.Debug|Any CPU.ActiveCfg = Debug|Any CPU
		{D413B522-397B-4972-A7B0-1AB63264BF5D}.Debug|Any CPU.Build.0 = Debug|Any CPU
		{D413B522-397B-4972-A7B0-1AB63264BF5D}.Debug|Mixed Platforms.ActiveCfg = Debug|Any CPU
		{D413B522-397B-4972-A7B0-1AB63264BF5D}.Debug|Mixed Platforms.Build.0 = Debug|Any CPU
		{D413B522-397B-4972-A7B0-1AB63264BF5D}.Debug|x86.ActiveCfg = Debug|Any CPU
		{D413B522-397B-4972-A7B0-1AB63264BF5D}.Deploy|Any CPU.ActiveCfg = Debug|Any CPU
		{D413B522-397B-4972-A7B0-1AB63264BF5D}.Deploy|Any CPU.Build.0 = Debug|Any CPU
		{D413B522-397B-4972-A7B0-1AB63264BF5D}.Deploy|Mixed Platforms.ActiveCfg = Debug|Any CPU
		{D413B522-397B-4972-A7B0-1AB63264BF5D}.Deploy|Mixed Platforms.Build.0 = Debug|Any CPU
		{D413B522-397B-4972-A7B0-1AB63264BF5D}.Deploy|x86.ActiveCfg = Debug|Any CPU
		{D413B522-397B-4972-A7B0-1AB63264BF5D}.Release|Any CPU.ActiveCfg = Release|Any CPU
		{D413B522-397B-4972-A7B0-1AB63264BF5D}.Release|Any CPU.Build.0 = Release|Any CPU
		{D413B522-397B-4972-A7B0-1AB63264BF5D}.Release|Mixed Platforms.ActiveCfg = Release|Any CPU
		{D413B522-397B-4972-A7B0-1AB63264BF5D}.Release|Mixed Platforms.Build.0 = Release|Any CPU
		{D413B522-397B-4972-A7B0-1AB63264BF5D}.Release|x86.ActiveCfg = Release|Any CPU
		{4593DFAC-31C1-4B65-9AAF-5ABAB4345D43}.Debug|Any CPU.ActiveCfg = Debug|Any CPU
		{4593DFAC-31C1-4B65-9AAF-5ABAB4345D43}.Debug|Any CPU.Build.0 = Debug|Any CPU
		{4593DFAC-31C1-4B65-9AAF-5ABAB4345D43}.Debug|Mixed Platforms.ActiveCfg = Debug|Any CPU
		{4593DFAC-31C1-4B65-9AAF-5ABAB4345D43}.Debug|Mixed Platforms.Build.0 = Debug|Any CPU
		{4593DFAC-31C1-4B65-9AAF-5ABAB4345D43}.Debug|x86.ActiveCfg = Debug|Any CPU
		{4593DFAC-31C1-4B65-9AAF-5ABAB4345D43}.Deploy|Any CPU.ActiveCfg = Debug|Any CPU
		{4593DFAC-31C1-4B65-9AAF-5ABAB4345D43}.Deploy|Any CPU.Build.0 = Debug|Any CPU
		{4593DFAC-31C1-4B65-9AAF-5ABAB4345D43}.Deploy|Mixed Platforms.ActiveCfg = Debug|Any CPU
		{4593DFAC-31C1-4B65-9AAF-5ABAB4345D43}.Deploy|Mixed Platforms.Build.0 = Debug|Any CPU
		{4593DFAC-31C1-4B65-9AAF-5ABAB4345D43}.Deploy|x86.ActiveCfg = Debug|Any CPU
		{4593DFAC-31C1-4B65-9AAF-5ABAB4345D43}.Release|Any CPU.ActiveCfg = Release|Any CPU
		{4593DFAC-31C1-4B65-9AAF-5ABAB4345D43}.Release|Any CPU.Build.0 = Release|Any CPU
		{4593DFAC-31C1-4B65-9AAF-5ABAB4345D43}.Release|Mixed Platforms.ActiveCfg = Release|Any CPU
		{4593DFAC-31C1-4B65-9AAF-5ABAB4345D43}.Release|Mixed Platforms.Build.0 = Release|Any CPU
		{4593DFAC-31C1-4B65-9AAF-5ABAB4345D43}.Release|x86.ActiveCfg = Release|Any CPU
		{66784997-89E9-4B00-867E-EA8CEAE4C794}.Debug|Any CPU.ActiveCfg = Debug|Any CPU
		{66784997-89E9-4B00-867E-EA8CEAE4C794}.Debug|Any CPU.Build.0 = Debug|Any CPU
		{66784997-89E9-4B00-867E-EA8CEAE4C794}.Debug|Mixed Platforms.ActiveCfg = Debug|Any CPU
		{66784997-89E9-4B00-867E-EA8CEAE4C794}.Debug|Mixed Platforms.Build.0 = Debug|Any CPU
		{66784997-89E9-4B00-867E-EA8CEAE4C794}.Debug|x86.ActiveCfg = Debug|Any CPU
		{66784997-89E9-4B00-867E-EA8CEAE4C794}.Deploy|Any CPU.ActiveCfg = Debug|Any CPU
		{66784997-89E9-4B00-867E-EA8CEAE4C794}.Deploy|Any CPU.Build.0 = Debug|Any CPU
		{66784997-89E9-4B00-867E-EA8CEAE4C794}.Deploy|Mixed Platforms.ActiveCfg = Debug|Any CPU
		{66784997-89E9-4B00-867E-EA8CEAE4C794}.Deploy|Mixed Platforms.Build.0 = Debug|Any CPU
		{66784997-89E9-4B00-867E-EA8CEAE4C794}.Deploy|x86.ActiveCfg = Debug|Any CPU
		{66784997-89E9-4B00-867E-EA8CEAE4C794}.Release|Any CPU.ActiveCfg = Release|Any CPU
		{66784997-89E9-4B00-867E-EA8CEAE4C794}.Release|Any CPU.Build.0 = Release|Any CPU
		{66784997-89E9-4B00-867E-EA8CEAE4C794}.Release|Mixed Platforms.ActiveCfg = Release|Any CPU
		{66784997-89E9-4B00-867E-EA8CEAE4C794}.Release|Mixed Platforms.Build.0 = Release|Any CPU
		{66784997-89E9-4B00-867E-EA8CEAE4C794}.Release|x86.ActiveCfg = Release|Any CPU
		{3974A0F9-A810-4F13-A936-3036D9EDA974}.Debug|Any CPU.ActiveCfg = Debug|Any CPU
		{3974A0F9-A810-4F13-A936-3036D9EDA974}.Debug|Any CPU.Build.0 = Debug|Any CPU
		{3974A0F9-A810-4F13-A936-3036D9EDA974}.Debug|Mixed Platforms.ActiveCfg = Debug|Any CPU
		{3974A0F9-A810-4F13-A936-3036D9EDA974}.Debug|Mixed Platforms.Build.0 = Debug|Any CPU
		{3974A0F9-A810-4F13-A936-3036D9EDA974}.Debug|x86.ActiveCfg = Debug|Any CPU
		{3974A0F9-A810-4F13-A936-3036D9EDA974}.Deploy|Any CPU.ActiveCfg = Debug|Any CPU
		{3974A0F9-A810-4F13-A936-3036D9EDA974}.Deploy|Any CPU.Build.0 = Debug|Any CPU
		{3974A0F9-A810-4F13-A936-3036D9EDA974}.Deploy|Mixed Platforms.ActiveCfg = Debug|Any CPU
		{3974A0F9-A810-4F13-A936-3036D9EDA974}.Deploy|Mixed Platforms.Build.0 = Debug|Any CPU
		{3974A0F9-A810-4F13-A936-3036D9EDA974}.Deploy|x86.ActiveCfg = Debug|Any CPU
		{3974A0F9-A810-4F13-A936-3036D9EDA974}.Release|Any CPU.ActiveCfg = Release|Any CPU
		{3974A0F9-A810-4F13-A936-3036D9EDA974}.Release|Any CPU.Build.0 = Release|Any CPU
		{3974A0F9-A810-4F13-A936-3036D9EDA974}.Release|Mixed Platforms.ActiveCfg = Release|Any CPU
		{3974A0F9-A810-4F13-A936-3036D9EDA974}.Release|Mixed Platforms.Build.0 = Release|Any CPU
		{3974A0F9-A810-4F13-A936-3036D9EDA974}.Release|x86.ActiveCfg = Release|Any CPU
		{432C3931-4053-4E91-BED5-B36D7E993125}.Debug|Any CPU.ActiveCfg = Debug|Any CPU
		{432C3931-4053-4E91-BED5-B36D7E993125}.Debug|Any CPU.Build.0 = Debug|Any CPU
		{432C3931-4053-4E91-BED5-B36D7E993125}.Debug|Mixed Platforms.ActiveCfg = Debug|Any CPU
		{432C3931-4053-4E91-BED5-B36D7E993125}.Debug|Mixed Platforms.Build.0 = Debug|Any CPU
		{432C3931-4053-4E91-BED5-B36D7E993125}.Debug|x86.ActiveCfg = Debug|Any CPU
		{432C3931-4053-4E91-BED5-B36D7E993125}.Deploy|Any CPU.ActiveCfg = Debug|Any CPU
		{432C3931-4053-4E91-BED5-B36D7E993125}.Deploy|Any CPU.Build.0 = Debug|Any CPU
		{432C3931-4053-4E91-BED5-B36D7E993125}.Deploy|Mixed Platforms.ActiveCfg = Debug|Any CPU
		{432C3931-4053-4E91-BED5-B36D7E993125}.Deploy|Mixed Platforms.Build.0 = Debug|Any CPU
		{432C3931-4053-4E91-BED5-B36D7E993125}.Deploy|x86.ActiveCfg = Debug|Any CPU
		{432C3931-4053-4E91-BED5-B36D7E993125}.Release|Any CPU.ActiveCfg = Release|Any CPU
		{432C3931-4053-4E91-BED5-B36D7E993125}.Release|Any CPU.Build.0 = Release|Any CPU
		{432C3931-4053-4E91-BED5-B36D7E993125}.Release|Mixed Platforms.ActiveCfg = Release|Any CPU
		{432C3931-4053-4E91-BED5-B36D7E993125}.Release|Mixed Platforms.Build.0 = Release|Any CPU
		{432C3931-4053-4E91-BED5-B36D7E993125}.Release|x86.ActiveCfg = Release|Any CPU
		{4A9BE48A-67A2-4C75-8139-F5D2B728DE0A}.Debug|Any CPU.ActiveCfg = Debug|Any CPU
		{4A9BE48A-67A2-4C75-8139-F5D2B728DE0A}.Debug|Any CPU.Build.0 = Debug|Any CPU
		{4A9BE48A-67A2-4C75-8139-F5D2B728DE0A}.Debug|Mixed Platforms.ActiveCfg = Debug|Any CPU
		{4A9BE48A-67A2-4C75-8139-F5D2B728DE0A}.Debug|Mixed Platforms.Build.0 = Debug|Any CPU
		{4A9BE48A-67A2-4C75-8139-F5D2B728DE0A}.Debug|x86.ActiveCfg = Debug|Any CPU
		{4A9BE48A-67A2-4C75-8139-F5D2B728DE0A}.Deploy|Any CPU.ActiveCfg = Debug|Any CPU
		{4A9BE48A-67A2-4C75-8139-F5D2B728DE0A}.Deploy|Any CPU.Build.0 = Debug|Any CPU
		{4A9BE48A-67A2-4C75-8139-F5D2B728DE0A}.Deploy|Mixed Platforms.ActiveCfg = Debug|Any CPU
		{4A9BE48A-67A2-4C75-8139-F5D2B728DE0A}.Deploy|Mixed Platforms.Build.0 = Debug|Any CPU
		{4A9BE48A-67A2-4C75-8139-F5D2B728DE0A}.Deploy|x86.ActiveCfg = Debug|Any CPU
		{4A9BE48A-67A2-4C75-8139-F5D2B728DE0A}.Release|Any CPU.ActiveCfg = Release|Any CPU
		{4A9BE48A-67A2-4C75-8139-F5D2B728DE0A}.Release|Any CPU.Build.0 = Release|Any CPU
		{4A9BE48A-67A2-4C75-8139-F5D2B728DE0A}.Release|Mixed Platforms.ActiveCfg = Release|Any CPU
		{4A9BE48A-67A2-4C75-8139-F5D2B728DE0A}.Release|Mixed Platforms.Build.0 = Release|Any CPU
		{4A9BE48A-67A2-4C75-8139-F5D2B728DE0A}.Release|x86.ActiveCfg = Release|Any CPU
		{103CFF9B-B589-4E5D-B3E9-9945BC44CE90}.Debug|Any CPU.ActiveCfg = Debug|Any CPU
		{103CFF9B-B589-4E5D-B3E9-9945BC44CE90}.Debug|Any CPU.Build.0 = Debug|Any CPU
		{103CFF9B-B589-4E5D-B3E9-9945BC44CE90}.Debug|Mixed Platforms.ActiveCfg = Debug|Any CPU
		{103CFF9B-B589-4E5D-B3E9-9945BC44CE90}.Debug|Mixed Platforms.Build.0 = Debug|Any CPU
		{103CFF9B-B589-4E5D-B3E9-9945BC44CE90}.Debug|x86.ActiveCfg = Debug|Any CPU
		{103CFF9B-B589-4E5D-B3E9-9945BC44CE90}.Deploy|Any CPU.ActiveCfg = Debug|Any CPU
		{103CFF9B-B589-4E5D-B3E9-9945BC44CE90}.Deploy|Any CPU.Build.0 = Debug|Any CPU
		{103CFF9B-B589-4E5D-B3E9-9945BC44CE90}.Deploy|Mixed Platforms.ActiveCfg = Debug|Any CPU
		{103CFF9B-B589-4E5D-B3E9-9945BC44CE90}.Deploy|Mixed Platforms.Build.0 = Debug|Any CPU
		{103CFF9B-B589-4E5D-B3E9-9945BC44CE90}.Deploy|x86.ActiveCfg = Debug|Any CPU
		{103CFF9B-B589-4E5D-B3E9-9945BC44CE90}.Release|Any CPU.ActiveCfg = Release|Any CPU
		{103CFF9B-B589-4E5D-B3E9-9945BC44CE90}.Release|Any CPU.Build.0 = Release|Any CPU
		{103CFF9B-B589-4E5D-B3E9-9945BC44CE90}.Release|Mixed Platforms.ActiveCfg = Release|Any CPU
		{103CFF9B-B589-4E5D-B3E9-9945BC44CE90}.Release|Mixed Platforms.Build.0 = Release|Any CPU
		{103CFF9B-B589-4E5D-B3E9-9945BC44CE90}.Release|x86.ActiveCfg = Release|Any CPU
		{DAAA33AB-1135-4DDE-9FFB-FE540161FF95}.Debug|Any CPU.ActiveCfg = Debug|Any CPU
		{DAAA33AB-1135-4DDE-9FFB-FE540161FF95}.Debug|Any CPU.Build.0 = Debug|Any CPU
		{DAAA33AB-1135-4DDE-9FFB-FE540161FF95}.Debug|Mixed Platforms.ActiveCfg = Debug|Any CPU
		{DAAA33AB-1135-4DDE-9FFB-FE540161FF95}.Debug|Mixed Platforms.Build.0 = Debug|Any CPU
		{DAAA33AB-1135-4DDE-9FFB-FE540161FF95}.Debug|x86.ActiveCfg = Debug|Any CPU
		{DAAA33AB-1135-4DDE-9FFB-FE540161FF95}.Deploy|Any CPU.ActiveCfg = Debug|Any CPU
		{DAAA33AB-1135-4DDE-9FFB-FE540161FF95}.Deploy|Any CPU.Build.0 = Debug|Any CPU
		{DAAA33AB-1135-4DDE-9FFB-FE540161FF95}.Deploy|Mixed Platforms.ActiveCfg = Debug|Any CPU
		{DAAA33AB-1135-4DDE-9FFB-FE540161FF95}.Deploy|Mixed Platforms.Build.0 = Debug|Any CPU
		{DAAA33AB-1135-4DDE-9FFB-FE540161FF95}.Deploy|x86.ActiveCfg = Debug|Any CPU
		{DAAA33AB-1135-4DDE-9FFB-FE540161FF95}.Release|Any CPU.ActiveCfg = Release|Any CPU
		{DAAA33AB-1135-4DDE-9FFB-FE540161FF95}.Release|Any CPU.Build.0 = Release|Any CPU
		{DAAA33AB-1135-4DDE-9FFB-FE540161FF95}.Release|Mixed Platforms.ActiveCfg = Release|Any CPU
		{DAAA33AB-1135-4DDE-9FFB-FE540161FF95}.Release|Mixed Platforms.Build.0 = Release|Any CPU
		{DAAA33AB-1135-4DDE-9FFB-FE540161FF95}.Release|x86.ActiveCfg = Release|Any CPU
		{A47C2A22-157C-483F-81DF-3A9609ACD316}.Debug|Any CPU.ActiveCfg = Debug|Any CPU
		{A47C2A22-157C-483F-81DF-3A9609ACD316}.Debug|Any CPU.Build.0 = Debug|Any CPU
		{A47C2A22-157C-483F-81DF-3A9609ACD316}.Debug|Mixed Platforms.ActiveCfg = Debug|Any CPU
		{A47C2A22-157C-483F-81DF-3A9609ACD316}.Debug|Mixed Platforms.Build.0 = Debug|Any CPU
		{A47C2A22-157C-483F-81DF-3A9609ACD316}.Debug|x86.ActiveCfg = Debug|Any CPU
		{A47C2A22-157C-483F-81DF-3A9609ACD316}.Deploy|Any CPU.ActiveCfg = Debug|Any CPU
		{A47C2A22-157C-483F-81DF-3A9609ACD316}.Deploy|Any CPU.Build.0 = Debug|Any CPU
		{A47C2A22-157C-483F-81DF-3A9609ACD316}.Deploy|Mixed Platforms.ActiveCfg = Debug|Any CPU
		{A47C2A22-157C-483F-81DF-3A9609ACD316}.Deploy|Mixed Platforms.Build.0 = Debug|Any CPU
		{A47C2A22-157C-483F-81DF-3A9609ACD316}.Deploy|x86.ActiveCfg = Debug|Any CPU
		{A47C2A22-157C-483F-81DF-3A9609ACD316}.Release|Any CPU.ActiveCfg = Release|Any CPU
		{A47C2A22-157C-483F-81DF-3A9609ACD316}.Release|Any CPU.Build.0 = Release|Any CPU
		{A47C2A22-157C-483F-81DF-3A9609ACD316}.Release|Mixed Platforms.ActiveCfg = Release|Any CPU
		{A47C2A22-157C-483F-81DF-3A9609ACD316}.Release|Mixed Platforms.Build.0 = Release|Any CPU
		{A47C2A22-157C-483F-81DF-3A9609ACD316}.Release|x86.ActiveCfg = Release|Any CPU
		{1D1DC96E-7181-4BB9-BFD6-B6C12D7124DD}.Debug|Any CPU.ActiveCfg = Debug|Any CPU
		{1D1DC96E-7181-4BB9-BFD6-B6C12D7124DD}.Debug|Any CPU.Build.0 = Debug|Any CPU
		{1D1DC96E-7181-4BB9-BFD6-B6C12D7124DD}.Debug|Mixed Platforms.ActiveCfg = Debug|Any CPU
		{1D1DC96E-7181-4BB9-BFD6-B6C12D7124DD}.Debug|Mixed Platforms.Build.0 = Debug|Any CPU
		{1D1DC96E-7181-4BB9-BFD6-B6C12D7124DD}.Debug|x86.ActiveCfg = Debug|Any CPU
		{1D1DC96E-7181-4BB9-BFD6-B6C12D7124DD}.Deploy|Any CPU.ActiveCfg = Debug|Any CPU
		{1D1DC96E-7181-4BB9-BFD6-B6C12D7124DD}.Deploy|Any CPU.Build.0 = Debug|Any CPU
		{1D1DC96E-7181-4BB9-BFD6-B6C12D7124DD}.Deploy|Mixed Platforms.ActiveCfg = Debug|Any CPU
		{1D1DC96E-7181-4BB9-BFD6-B6C12D7124DD}.Deploy|Mixed Platforms.Build.0 = Debug|Any CPU
		{1D1DC96E-7181-4BB9-BFD6-B6C12D7124DD}.Deploy|x86.ActiveCfg = Debug|Any CPU
		{1D1DC96E-7181-4BB9-BFD6-B6C12D7124DD}.Release|Any CPU.ActiveCfg = Release|Any CPU
		{1D1DC96E-7181-4BB9-BFD6-B6C12D7124DD}.Release|Any CPU.Build.0 = Release|Any CPU
		{1D1DC96E-7181-4BB9-BFD6-B6C12D7124DD}.Release|Mixed Platforms.ActiveCfg = Release|Any CPU
		{1D1DC96E-7181-4BB9-BFD6-B6C12D7124DD}.Release|Mixed Platforms.Build.0 = Release|Any CPU
		{1D1DC96E-7181-4BB9-BFD6-B6C12D7124DD}.Release|x86.ActiveCfg = Release|Any CPU
		{17824477-1C17-41C4-835B-D44B1121EAC4}.Debug|Any CPU.ActiveCfg = Debug|Any CPU
		{17824477-1C17-41C4-835B-D44B1121EAC4}.Debug|Any CPU.Build.0 = Debug|Any CPU
		{17824477-1C17-41C4-835B-D44B1121EAC4}.Debug|Mixed Platforms.ActiveCfg = Debug|Any CPU
		{17824477-1C17-41C4-835B-D44B1121EAC4}.Debug|Mixed Platforms.Build.0 = Debug|Any CPU
		{17824477-1C17-41C4-835B-D44B1121EAC4}.Debug|x86.ActiveCfg = Debug|Any CPU
		{17824477-1C17-41C4-835B-D44B1121EAC4}.Deploy|Any CPU.ActiveCfg = Debug|Any CPU
		{17824477-1C17-41C4-835B-D44B1121EAC4}.Deploy|Any CPU.Build.0 = Debug|Any CPU
		{17824477-1C17-41C4-835B-D44B1121EAC4}.Deploy|Mixed Platforms.ActiveCfg = Debug|Any CPU
		{17824477-1C17-41C4-835B-D44B1121EAC4}.Deploy|Mixed Platforms.Build.0 = Debug|Any CPU
		{17824477-1C17-41C4-835B-D44B1121EAC4}.Deploy|x86.ActiveCfg = Debug|Any CPU
		{17824477-1C17-41C4-835B-D44B1121EAC4}.Release|Any CPU.ActiveCfg = Release|Any CPU
		{17824477-1C17-41C4-835B-D44B1121EAC4}.Release|Any CPU.Build.0 = Release|Any CPU
		{17824477-1C17-41C4-835B-D44B1121EAC4}.Release|Mixed Platforms.ActiveCfg = Release|Any CPU
		{17824477-1C17-41C4-835B-D44B1121EAC4}.Release|Mixed Platforms.Build.0 = Release|Any CPU
		{17824477-1C17-41C4-835B-D44B1121EAC4}.Release|x86.ActiveCfg = Release|Any CPU
		{6A0A9422-7072-4396-97C1-616C64E4F84C}.Debug|Any CPU.ActiveCfg = Debug|Any CPU
		{6A0A9422-7072-4396-97C1-616C64E4F84C}.Debug|Any CPU.Build.0 = Debug|Any CPU
		{6A0A9422-7072-4396-97C1-616C64E4F84C}.Debug|Mixed Platforms.ActiveCfg = Debug|Any CPU
		{6A0A9422-7072-4396-97C1-616C64E4F84C}.Debug|Mixed Platforms.Build.0 = Debug|Any CPU
		{6A0A9422-7072-4396-97C1-616C64E4F84C}.Debug|x86.ActiveCfg = Debug|Any CPU
		{6A0A9422-7072-4396-97C1-616C64E4F84C}.Deploy|Any CPU.ActiveCfg = Debug|Any CPU
		{6A0A9422-7072-4396-97C1-616C64E4F84C}.Deploy|Any CPU.Build.0 = Debug|Any CPU
		{6A0A9422-7072-4396-97C1-616C64E4F84C}.Deploy|Mixed Platforms.ActiveCfg = Debug|Any CPU
		{6A0A9422-7072-4396-97C1-616C64E4F84C}.Deploy|Mixed Platforms.Build.0 = Debug|Any CPU
		{6A0A9422-7072-4396-97C1-616C64E4F84C}.Deploy|x86.ActiveCfg = Debug|Any CPU
		{6A0A9422-7072-4396-97C1-616C64E4F84C}.Release|Any CPU.ActiveCfg = Release|Any CPU
		{6A0A9422-7072-4396-97C1-616C64E4F84C}.Release|Any CPU.Build.0 = Release|Any CPU
		{6A0A9422-7072-4396-97C1-616C64E4F84C}.Release|Mixed Platforms.ActiveCfg = Release|Any CPU
		{6A0A9422-7072-4396-97C1-616C64E4F84C}.Release|Mixed Platforms.Build.0 = Release|Any CPU
		{6A0A9422-7072-4396-97C1-616C64E4F84C}.Release|x86.ActiveCfg = Release|Any CPU
		{9E2AEB52-3F82-4840-ACD3-88A39F58B9C8}.Debug|Any CPU.ActiveCfg = Debug|Any CPU
		{9E2AEB52-3F82-4840-ACD3-88A39F58B9C8}.Debug|Any CPU.Build.0 = Debug|Any CPU
		{9E2AEB52-3F82-4840-ACD3-88A39F58B9C8}.Debug|Mixed Platforms.ActiveCfg = Debug|Any CPU
		{9E2AEB52-3F82-4840-ACD3-88A39F58B9C8}.Debug|Mixed Platforms.Build.0 = Debug|Any CPU
		{9E2AEB52-3F82-4840-ACD3-88A39F58B9C8}.Debug|x86.ActiveCfg = Debug|Any CPU
		{9E2AEB52-3F82-4840-ACD3-88A39F58B9C8}.Deploy|Any CPU.ActiveCfg = Debug|Any CPU
		{9E2AEB52-3F82-4840-ACD3-88A39F58B9C8}.Deploy|Any CPU.Build.0 = Debug|Any CPU
		{9E2AEB52-3F82-4840-ACD3-88A39F58B9C8}.Deploy|Mixed Platforms.ActiveCfg = Debug|Any CPU
		{9E2AEB52-3F82-4840-ACD3-88A39F58B9C8}.Deploy|Mixed Platforms.Build.0 = Debug|Any CPU
		{9E2AEB52-3F82-4840-ACD3-88A39F58B9C8}.Deploy|x86.ActiveCfg = Debug|Any CPU
		{9E2AEB52-3F82-4840-ACD3-88A39F58B9C8}.Release|Any CPU.ActiveCfg = Release|Any CPU
		{9E2AEB52-3F82-4840-ACD3-88A39F58B9C8}.Release|Any CPU.Build.0 = Release|Any CPU
		{9E2AEB52-3F82-4840-ACD3-88A39F58B9C8}.Release|Mixed Platforms.ActiveCfg = Release|Any CPU
		{9E2AEB52-3F82-4840-ACD3-88A39F58B9C8}.Release|Mixed Platforms.Build.0 = Release|Any CPU
		{9E2AEB52-3F82-4840-ACD3-88A39F58B9C8}.Release|x86.ActiveCfg = Release|Any CPU
		{651385DC-C8C7-4FB6-BB1B-DF42F8138180}.Debug|Any CPU.ActiveCfg = Debug|Any CPU
		{651385DC-C8C7-4FB6-BB1B-DF42F8138180}.Debug|Any CPU.Build.0 = Debug|Any CPU
		{651385DC-C8C7-4FB6-BB1B-DF42F8138180}.Debug|Mixed Platforms.ActiveCfg = Debug|Any CPU
		{651385DC-C8C7-4FB6-BB1B-DF42F8138180}.Debug|Mixed Platforms.Build.0 = Debug|Any CPU
		{651385DC-C8C7-4FB6-BB1B-DF42F8138180}.Debug|x86.ActiveCfg = Debug|Any CPU
		{651385DC-C8C7-4FB6-BB1B-DF42F8138180}.Deploy|Any CPU.ActiveCfg = Debug|Any CPU
		{651385DC-C8C7-4FB6-BB1B-DF42F8138180}.Deploy|Any CPU.Build.0 = Debug|Any CPU
		{651385DC-C8C7-4FB6-BB1B-DF42F8138180}.Deploy|Mixed Platforms.ActiveCfg = Debug|Any CPU
		{651385DC-C8C7-4FB6-BB1B-DF42F8138180}.Deploy|Mixed Platforms.Build.0 = Debug|Any CPU
		{651385DC-C8C7-4FB6-BB1B-DF42F8138180}.Deploy|x86.ActiveCfg = Debug|Any CPU
		{651385DC-C8C7-4FB6-BB1B-DF42F8138180}.Release|Any CPU.ActiveCfg = Release|Any CPU
		{651385DC-C8C7-4FB6-BB1B-DF42F8138180}.Release|Any CPU.Build.0 = Release|Any CPU
		{651385DC-C8C7-4FB6-BB1B-DF42F8138180}.Release|Mixed Platforms.ActiveCfg = Release|Any CPU
		{651385DC-C8C7-4FB6-BB1B-DF42F8138180}.Release|Mixed Platforms.Build.0 = Release|Any CPU
		{651385DC-C8C7-4FB6-BB1B-DF42F8138180}.Release|x86.ActiveCfg = Release|Any CPU
		{020F6272-4B1F-4024-8946-57831579C2DC}.Debug|Any CPU.ActiveCfg = Debug|Any CPU
		{020F6272-4B1F-4024-8946-57831579C2DC}.Debug|Any CPU.Build.0 = Debug|Any CPU
		{020F6272-4B1F-4024-8946-57831579C2DC}.Debug|Mixed Platforms.ActiveCfg = Debug|Any CPU
		{020F6272-4B1F-4024-8946-57831579C2DC}.Debug|Mixed Platforms.Build.0 = Debug|Any CPU
		{020F6272-4B1F-4024-8946-57831579C2DC}.Debug|x86.ActiveCfg = Debug|Any CPU
		{020F6272-4B1F-4024-8946-57831579C2DC}.Deploy|Any CPU.ActiveCfg = Debug|Any CPU
		{020F6272-4B1F-4024-8946-57831579C2DC}.Deploy|Any CPU.Build.0 = Debug|Any CPU
		{020F6272-4B1F-4024-8946-57831579C2DC}.Deploy|Mixed Platforms.ActiveCfg = Debug|Any CPU
		{020F6272-4B1F-4024-8946-57831579C2DC}.Deploy|Mixed Platforms.Build.0 = Debug|Any CPU
		{020F6272-4B1F-4024-8946-57831579C2DC}.Deploy|x86.ActiveCfg = Debug|Any CPU
		{020F6272-4B1F-4024-8946-57831579C2DC}.Release|Any CPU.ActiveCfg = Release|Any CPU
		{020F6272-4B1F-4024-8946-57831579C2DC}.Release|Any CPU.Build.0 = Release|Any CPU
		{020F6272-4B1F-4024-8946-57831579C2DC}.Release|Mixed Platforms.ActiveCfg = Release|Any CPU
		{020F6272-4B1F-4024-8946-57831579C2DC}.Release|Mixed Platforms.Build.0 = Release|Any CPU
		{020F6272-4B1F-4024-8946-57831579C2DC}.Release|x86.ActiveCfg = Release|Any CPU
		{DD0AE83B-1846-49C2-87F6-2A18D0F27ADC}.Debug|Any CPU.ActiveCfg = Debug|Any CPU
		{DD0AE83B-1846-49C2-87F6-2A18D0F27ADC}.Debug|Any CPU.Build.0 = Debug|Any CPU
		{DD0AE83B-1846-49C2-87F6-2A18D0F27ADC}.Debug|Mixed Platforms.ActiveCfg = Debug|Any CPU
		{DD0AE83B-1846-49C2-87F6-2A18D0F27ADC}.Debug|Mixed Platforms.Build.0 = Debug|Any CPU
		{DD0AE83B-1846-49C2-87F6-2A18D0F27ADC}.Debug|x86.ActiveCfg = Debug|Any CPU
		{DD0AE83B-1846-49C2-87F6-2A18D0F27ADC}.Deploy|Any CPU.ActiveCfg = Debug|Any CPU
		{DD0AE83B-1846-49C2-87F6-2A18D0F27ADC}.Deploy|Any CPU.Build.0 = Debug|Any CPU
		{DD0AE83B-1846-49C2-87F6-2A18D0F27ADC}.Deploy|Mixed Platforms.ActiveCfg = Debug|Any CPU
		{DD0AE83B-1846-49C2-87F6-2A18D0F27ADC}.Deploy|Mixed Platforms.Build.0 = Debug|Any CPU
		{DD0AE83B-1846-49C2-87F6-2A18D0F27ADC}.Deploy|x86.ActiveCfg = Debug|Any CPU
		{DD0AE83B-1846-49C2-87F6-2A18D0F27ADC}.Release|Any CPU.ActiveCfg = Release|Any CPU
		{DD0AE83B-1846-49C2-87F6-2A18D0F27ADC}.Release|Any CPU.Build.0 = Release|Any CPU
		{DD0AE83B-1846-49C2-87F6-2A18D0F27ADC}.Release|Mixed Platforms.ActiveCfg = Release|Any CPU
		{DD0AE83B-1846-49C2-87F6-2A18D0F27ADC}.Release|Mixed Platforms.Build.0 = Release|Any CPU
		{DD0AE83B-1846-49C2-87F6-2A18D0F27ADC}.Release|x86.ActiveCfg = Release|Any CPU
	EndGlobalSection
	GlobalSection(SolutionProperties) = preSolution
		HideSolutionNode = FALSE
	EndGlobalSection
	GlobalSection(NestedProjects) = preSolution
		{59753DD8-9506-4044-A513-CAD06ADD3673} = {581D4AE9-AF31-45D9-AB4D-4F531359C114}
		{EBAA49D4-50B0-4FC7-87BF-9245A404B626} = {581D4AE9-AF31-45D9-AB4D-4F531359C114}
		{3B93F189-3D46-4882-97CE-B309CB58D03E} = {581D4AE9-AF31-45D9-AB4D-4F531359C114}
		{F2F88797-A0D0-4730-8ACE-B322D0D773FC} = {581D4AE9-AF31-45D9-AB4D-4F531359C114}
		{A564D217-5650-4653-85A9-00861A04167F} = {581D4AE9-AF31-45D9-AB4D-4F531359C114}
		{8FAB91AB-77EA-4450-ABEA-35947EDDF3ED} = {581D4AE9-AF31-45D9-AB4D-4F531359C114}
		{D9D8A830-2EC8-40D9-A70C-3E7F350F6324} = {581D4AE9-AF31-45D9-AB4D-4F531359C114}
		{738D5776-A102-4ADF-9D71-01133BE82572} = {581D4AE9-AF31-45D9-AB4D-4F531359C114}
		{279A554B-D055-45EB-AA30-4275EA0101D4} = {581D4AE9-AF31-45D9-AB4D-4F531359C114}
		{7CCB2316-8DC2-403C-9E85-4B0506027614} = {581D4AE9-AF31-45D9-AB4D-4F531359C114}
		{371C666E-D2E2-4276-98F3-FBD813A7009C} = {581D4AE9-AF31-45D9-AB4D-4F531359C114}
		{C051E08E-57D0-4CF4-A082-7BBE9B0963DF} = {581D4AE9-AF31-45D9-AB4D-4F531359C114}
		{D6500AB8-AD06-4C74-9C52-1DCF479C0D2D} = {581D4AE9-AF31-45D9-AB4D-4F531359C114}
		{50A49079-C0A0-43B9-AE1D-18595E417A8C} = {581D4AE9-AF31-45D9-AB4D-4F531359C114}
		{817C4295-2EA0-4847-AB91-536B29B9FFA4} = {581D4AE9-AF31-45D9-AB4D-4F531359C114}
		{F3B19182-875D-4429-8AC0-94BB6F09FBCB} = {AFDFEDAC-62B4-4F8B-A2DC-06DEFBF29287}
		{B4F0D3BA-5C30-4C6A-A78A-5D802D43F944} = {2BB53F7A-7E22-4111-AFE7-7D0365754E8B}
		{035A2CBD-2566-4DA6-BECE-7428592F0770} = {2BB53F7A-7E22-4111-AFE7-7D0365754E8B}
		{AC9ECF0D-6AC3-4CD6-8E3B-E1892A45978A} = {2BB53F7A-7E22-4111-AFE7-7D0365754E8B}
		{FD0888FB-855F-42CA-8505-12B029B2518B} = {2BB53F7A-7E22-4111-AFE7-7D0365754E8B}
		{D1A57D7C-4FAC-44C1-BBB0-B77A0AB2DC53} = {2BB53F7A-7E22-4111-AFE7-7D0365754E8B}
		{96827823-157A-4B95-A28E-FB3526ABE762} = {2BB53F7A-7E22-4111-AFE7-7D0365754E8B}
		{9E4383C2-81C7-4218-AE10-01C5B8D57D76} = {2BB53F7A-7E22-4111-AFE7-7D0365754E8B}
		{3A21B623-72EC-4F2C-AD13-AE0966DD4B8B} = {2BB53F7A-7E22-4111-AFE7-7D0365754E8B}
		{564A66B7-C88A-4653-B566-89140851F6E3} = {2BB53F7A-7E22-4111-AFE7-7D0365754E8B}
		{29E1B1EE-E587-4694-97C7-BF98ABE59DC0} = {2BB53F7A-7E22-4111-AFE7-7D0365754E8B}
		{B788D862-15C5-4F6B-9403-DBD27A0D6730} = {2BB53F7A-7E22-4111-AFE7-7D0365754E8B}
		{F532F697-69CC-4A4F-B2AE-6E6DF16AF9F0} = {2BB53F7A-7E22-4111-AFE7-7D0365754E8B}
		{1E45053D-BCD4-41CD-A423-DB1C775D2F3C} = {2BB53F7A-7E22-4111-AFE7-7D0365754E8B}
		{947BE98F-7662-49F9-A964-E5264B5613AF} = {2BB53F7A-7E22-4111-AFE7-7D0365754E8B}
		{D413B522-397B-4972-A7B0-1AB63264BF5D} = {2BB53F7A-7E22-4111-AFE7-7D0365754E8B}
		{4593DFAC-31C1-4B65-9AAF-5ABAB4345D43} = {79FE47D4-B747-4AF1-9446-A226D4A33C96}
		{66784997-89E9-4B00-867E-EA8CEAE4C794} = {79FE47D4-B747-4AF1-9446-A226D4A33C96}
		{3974A0F9-A810-4F13-A936-3036D9EDA974} = {79FE47D4-B747-4AF1-9446-A226D4A33C96}
		{432C3931-4053-4E91-BED5-B36D7E993125} = {79FE47D4-B747-4AF1-9446-A226D4A33C96}
		{4A9BE48A-67A2-4C75-8139-F5D2B728DE0A} = {79FE47D4-B747-4AF1-9446-A226D4A33C96}
		{103CFF9B-B589-4E5D-B3E9-9945BC44CE90} = {79FE47D4-B747-4AF1-9446-A226D4A33C96}
		{DAAA33AB-1135-4DDE-9FFB-FE540161FF95} = {79FE47D4-B747-4AF1-9446-A226D4A33C96}
		{A47C2A22-157C-483F-81DF-3A9609ACD316} = {79FE47D4-B747-4AF1-9446-A226D4A33C96}
		{1D1DC96E-7181-4BB9-BFD6-B6C12D7124DD} = {79FE47D4-B747-4AF1-9446-A226D4A33C96}
		{17824477-1C17-41C4-835B-D44B1121EAC4} = {79FE47D4-B747-4AF1-9446-A226D4A33C96}
		{6A0A9422-7072-4396-97C1-616C64E4F84C} = {79FE47D4-B747-4AF1-9446-A226D4A33C96}
		{9E2AEB52-3F82-4840-ACD3-88A39F58B9C8} = {79FE47D4-B747-4AF1-9446-A226D4A33C96}
		{651385DC-C8C7-4FB6-BB1B-DF42F8138180} = {79FE47D4-B747-4AF1-9446-A226D4A33C96}
		{020F6272-4B1F-4024-8946-57831579C2DC} = {79FE47D4-B747-4AF1-9446-A226D4A33C96}
		{DD0AE83B-1846-49C2-87F6-2A18D0F27ADC} = {79FE47D4-B747-4AF1-9446-A226D4A33C96}
	EndGlobalSection
EndGlobal
